PODS:
  - Alamofire (1.3.1)
  - CardIO (5.1.1)
  - SwiftyJSON (2.2.1)

DEPENDENCIES:
  - Alamofire (~> 1.3)
  - CardIO
  - SwiftyJSON (~> 2.2.1)

SPEC CHECKSUMS:
  Alamofire: e4ab637e3195b645c814b87a652373439e59f2a4
  CardIO: 2c3a8ef9b9add4bd664c83bb653b83b2f32d9d7f
  SwiftyJSON: ae2d0a3d68025d136602a33c4ee215091ced3e33

COCOAPODS: 0.38.2
