PODS:
  - Alamofire (3.1.0)
  - Bolts (1.4.0):
    - Bolts/AppLinks (= 1.4.0)
    - Bolts/Tasks (= 1.4.0)
  - Bolts/AppLinks (1.4.0):
    - Bolts/Tasks
  - Bolts/Tasks (1.4.0)
  - CardIO (5.1.1)
  - FBSDKCoreKit (4.7.0):
    - Bolts (~> 1.1)
    - FBSDKCoreKit/arc (= 4.7.0)
    - FBSDKCoreKit/no-arc (= 4.7.0)
  - FBSDKCoreKit/arc (4.7.0):
    - Bolts (~> 1.1)
  - FBSDKCoreKit/no-arc (4.7.0):
    - Bolts (~> 1.1)
    - FBSDKCoreKit/arc
  - FBSDKLoginKit (4.7.0.1):
    - FBSDKCoreKit
  - Locksmith (2.0.2)
  - Stripe (6.0.1):
    - Stripe/Core (= 6.0.1)
  - Stripe/Core (6.0.1)
  - SwiftyJSON (2.2.1)

DEPENDENCIES:
  - Alamofire
  - CardIO (~> 5.1.0)
  - FBSDKCoreKit
  - FBSDKLoginKit
  - Locksmith
  - Stripe
  - SwiftyJSON (~> 2.2.1)

SPEC CHECKSUMS:
  Alamofire: 415bd7f56197722978759078486689f7ef913dce
  Bolts: 0e9bce58b9b9f5e8a7a4d47b16d2fabec289072b
  CardIO: 2c3a8ef9b9add4bd664c83bb653b83b2f32d9d7f
  FBSDKCoreKit: eb580bfc2040ad44f4c0b4f4d0befb1d35bce59c
  FBSDKLoginKit: 028c5a205990441123764609fe795e65027c447f
  Locksmith: 7f2b68448449a7712348f9a4ed60604c1cc8dfa6
  Stripe: 04f215191702c268b89fe0cdf28dc24a9688a71b
  SwiftyJSON: ae2d0a3d68025d136602a33c4ee215091ced3e33

COCOAPODS: 0.38.2
