// !$*UTF8*$!
{
	archiveVersion = 1;
	classes = {
	};
	objectVersion = 46;
	objects = {

/* Begin PBXBuildFile section */
		4D02EC171BD0887200701C75 /* ExploreViewController.swift in Sources */ = {isa = PBXBuildFile; fileRef = 4D02EC151BD0887200701C75 /* ExploreViewController.swift */; };
		4D02EC181BD0887200701C75 /* ExploreViewController.xib in Resources */ = {isa = PBXBuildFile; fileRef = 4D02EC161BD0887200701C75 /* ExploreViewController.xib */; };
		4D02EC1C1BD08A0400701C75 /* CausesTableViewCell.swift in Sources */ = {isa = PBXBuildFile; fileRef = 4D02EC1A1BD08A0400701C75 /* CausesTableViewCell.swift */; };
		4D02EC1D1BD08A0400701C75 /* CausesTableViewCell.xib in Resources */ = {isa = PBXBuildFile; fileRef = 4D02EC1B1BD08A0400701C75 /* CausesTableViewCell.xib */; };
		4D02EC231BD0918500701C75 /* HeaderView.swift in Sources */ = {isa = PBXBuildFile; fileRef = 4D02EC221BD0918500701C75 /* HeaderView.swift */; };
		4D02EC271BD0ABF000701C75 /* String+Date.swift in Sources */ = {isa = PBXBuildFile; fileRef = 4D02EC261BD0ABF000701C75 /* String+Date.swift */; };
		4D05AA7B1C5880D9002B8C9A /* ActivityIndicator.swift in Sources */ = {isa = PBXBuildFile; fileRef = 4D05AA7A1C5880D9002B8C9A /* ActivityIndicator.swift */; };
		4D0FDE441B8B77C3002877CE /* UIImageView+AsynchronousLoading.swift in Sources */ = {isa = PBXBuildFile; fileRef = 4D0FDE431B8B77C3002877CE /* UIImageView+AsynchronousLoading.swift */; };
		4D0FDE491B8B8620002877CE /* UIView+Nib.swift in Sources */ = {isa = PBXBuildFile; fileRef = 4D0FDE481B8B8620002877CE /* UIView+Nib.swift */; };
		4D0FDE4D1B8BB646002877CE /* BankSignInViewController.swift in Sources */ = {isa = PBXBuildFile; fileRef = 4D0FDE4B1B8BB646002877CE /* BankSignInViewController.swift */; };
		4D0FDE4E1B8BB646002877CE /* BankSignInViewController.xib in Resources */ = {isa = PBXBuildFile; fileRef = 4D0FDE4C1B8BB646002877CE /* BankSignInViewController.xib */; };
		4D14C87C1C4D816100D7089B /* UserCollectionViewCell.swift in Sources */ = {isa = PBXBuildFile; fileRef = 4D14C87A1C4D816100D7089B /* UserCollectionViewCell.swift */; };
		4D14C87D1C4D816100D7089B /* UserCollectionViewCell.xib in Resources */ = {isa = PBXBuildFile; fileRef = 4D14C87B1C4D816100D7089B /* UserCollectionViewCell.xib */; };
		4D2256E91B8A8E5E00727A4C /* TabBarController.swift in Sources */ = {isa = PBXBuildFile; fileRef = 4D2256E81B8A8E5E00727A4C /* TabBarController.swift */; };
		4D2256ED1B8AC40E00727A4C /* RoundedButton.swift in Sources */ = {isa = PBXBuildFile; fileRef = 4D2256EC1B8AC40E00727A4C /* RoundedButton.swift */; };
		4D2256F01B8AC7C900727A4C /* ChooseBankViewController.swift in Sources */ = {isa = PBXBuildFile; fileRef = 4D2256EE1B8AC7C900727A4C /* ChooseBankViewController.swift */; };
		4D2256F11B8AC7C900727A4C /* ChooseBankViewController.xib in Resources */ = {isa = PBXBuildFile; fileRef = 4D2256EF1B8AC7C900727A4C /* ChooseBankViewController.xib */; };
		4D2256F31B8ACBD500727A4C /* ChooseBankHeaderView.xib in Resources */ = {isa = PBXBuildFile; fileRef = 4D2256F21B8ACBD500727A4C /* ChooseBankHeaderView.xib */; };
		4D2256FA1B8AD62300727A4C /* RoundedCollectionViewCell.swift in Sources */ = {isa = PBXBuildFile; fileRef = 4D2256F81B8AD62300727A4C /* RoundedCollectionViewCell.swift */; };
		4D2256FB1B8AD62300727A4C /* RoundedCollectionViewCell.xib in Resources */ = {isa = PBXBuildFile; fileRef = 4D2256F91B8AD62300727A4C /* RoundedCollectionViewCell.xib */; };
		4D2257021B8ADD1000727A4C /* Bank.swift in Sources */ = {isa = PBXBuildFile; fileRef = 4D2257011B8ADD1000727A4C /* Bank.swift */; };
		4D2265841BA7937000A51908 /* CreditCardViewController.swift in Sources */ = {isa = PBXBuildFile; fileRef = 4D2265821BA7937000A51908 /* CreditCardViewController.swift */; };
		4D2265851BA7937000A51908 /* CreditCardViewController.xib in Resources */ = {isa = PBXBuildFile; fileRef = 4D2265831BA7937000A51908 /* CreditCardViewController.xib */; };
		4D2B0FE41BBF4B8100482FF4 /* AlertViewController.swift in Sources */ = {isa = PBXBuildFile; fileRef = 4D2B0FE21BBF4B8100482FF4 /* AlertViewController.swift */; };
		4D2B0FE91BBF5ADD00482FF4 /* AlertPopupView.xib in Resources */ = {isa = PBXBuildFile; fileRef = 4D2B0FE81BBF5ADD00482FF4 /* AlertPopupView.xib */; };
		4D545D8C1BF7B99D00F009D5 /* DeviceDetect.swift in Sources */ = {isa = PBXBuildFile; fileRef = 4D545D8B1BF7B99D00F009D5 /* DeviceDetect.swift */; };
		4D55229A1B870EB700F9E5CA /* ServerRequest.swift in Sources */ = {isa = PBXBuildFile; fileRef = 4D5522991B870EB700F9E5CA /* ServerRequest.swift */; };
		4D5C805A1BA8F2F0001DEDAF /* UITextField+Padding.swift in Sources */ = {isa = PBXBuildFile; fileRef = 4D5C80591BA8F2F0001DEDAF /* UITextField+Padding.swift */; };
		4D6BC9901BE4FED6000C89C8 /* CategoriesViewController.swift in Sources */ = {isa = PBXBuildFile; fileRef = 4D6BC98E1BE4FED6000C89C8 /* CategoriesViewController.swift */; };
		4D6BC9911BE4FED6000C89C8 /* CategoriesViewController.xib in Resources */ = {isa = PBXBuildFile; fileRef = 4D6BC98F1BE4FED6000C89C8 /* CategoriesViewController.xib */; };
		4D6BC9951BE4FF8D000C89C8 /* CategoriesCollectionViewCell.swift in Sources */ = {isa = PBXBuildFile; fileRef = 4D6BC9931BE4FF8D000C89C8 /* CategoriesCollectionViewCell.swift */; };
		4D6BC9961BE4FF8D000C89C8 /* CategoriesCollectionViewCell.xib in Resources */ = {isa = PBXBuildFile; fileRef = 4D6BC9941BE4FF8D000C89C8 /* CategoriesCollectionViewCell.xib */; };
		4D6BC9981BE50B4E000C89C8 /* ChooseCategoryHeaderView.xib in Resources */ = {isa = PBXBuildFile; fileRef = 4D6BC9971BE50B4E000C89C8 /* ChooseCategoryHeaderView.xib */; };
		4D6DC35F1B8BEBAC0017BF29 /* BankPinViewController.swift in Sources */ = {isa = PBXBuildFile; fileRef = 4D6DC35D1B8BEBAC0017BF29 /* BankPinViewController.swift */; };
		4D6DC3601B8BEBAC0017BF29 /* BankPinViewController.xib in Resources */ = {isa = PBXBuildFile; fileRef = 4D6DC35E1B8BEBAC0017BF29 /* BankPinViewController.xib */; };
		4D6DC3641B8BED330017BF29 /* DoneButton.swift in Sources */ = {isa = PBXBuildFile; fileRef = 4D6DC3631B8BED330017BF29 /* DoneButton.swift */; };
		4D7659161B8A3A55000862F7 /* BottomBorderedTextField.swift in Sources */ = {isa = PBXBuildFile; fileRef = 4D7659151B8A3A55000862F7 /* BottomBorderedTextField.swift */; };
		4D8210281BD291F30032DA07 /* CircleGraph.swift in Sources */ = {isa = PBXBuildFile; fileRef = 4D8210271BD291F30032DA07 /* CircleGraph.swift */; };
		4D89C1361C456DA300D6B1F0 /* BlogPost.swift in Sources */ = {isa = PBXBuildFile; fileRef = 4D89C1351C456DA300D6B1F0 /* BlogPost.swift */; };
		4D91C4911C28841D00A4C0A5 /* PreviousImpactsViewController.swift in Sources */ = {isa = PBXBuildFile; fileRef = 4D91C48F1C28841D00A4C0A5 /* PreviousImpactsViewController.swift */; };
		4D91C4921C28841D00A4C0A5 /* PreviousImpactsViewController.xib in Resources */ = {isa = PBXBuildFile; fileRef = 4D91C4901C28841D00A4C0A5 /* PreviousImpactsViewController.xib */; };
		4D91C4951C28861800A4C0A5 /* AccessoryTableViewCell.swift in Sources */ = {isa = PBXBuildFile; fileRef = 4D91C4931C28861800A4C0A5 /* AccessoryTableViewCell.swift */; };
		4D91C4961C28861800A4C0A5 /* AccessoryTableViewCell.xib in Resources */ = {isa = PBXBuildFile; fileRef = 4D91C4941C28861800A4C0A5 /* AccessoryTableViewCell.xib */; };
		4D92199D1BF815D700A326A8 /* CausePageViewController.swift in Sources */ = {isa = PBXBuildFile; fileRef = 4D92199B1BF815D700A326A8 /* CausePageViewController.swift */; };
		4D92199E1BF815D700A326A8 /* CausePageViewController.xib in Resources */ = {isa = PBXBuildFile; fileRef = 4D92199C1BF815D700A326A8 /* CausePageViewController.xib */; };
		4D9219A01BF8190E00A326A8 /* CustomSegmentControl.swift in Sources */ = {isa = PBXBuildFile; fileRef = 4D92199F1BF8190E00A326A8 /* CustomSegmentControl.swift */; };
		4D9621F41BA9A16F005EBCDD /* UserCredentials.swift in Sources */ = {isa = PBXBuildFile; fileRef = 4D9621F31BA9A16F005EBCDD /* UserCredentials.swift */; };
		4D962E9D1B8BFB780026E84D /* BankSecurityQuestionViewController.swift in Sources */ = {isa = PBXBuildFile; fileRef = 4D962E9B1B8BFB780026E84D /* BankSecurityQuestionViewController.swift */; };
		4D962E9E1B8BFB780026E84D /* BankSecurityQuestionViewController.xib in Resources */ = {isa = PBXBuildFile; fileRef = 4D962E9C1B8BFB780026E84D /* BankSecurityQuestionViewController.xib */; };
		4D96D1511BFE282500CDE687 /* FriendsCollectionViewHeader.xib in Resources */ = {isa = PBXBuildFile; fileRef = 4D96D1501BFE282500CDE687 /* FriendsCollectionViewHeader.xib */; };
		4D96D1561BFE299000CDE687 /* FriendsCollectionViewHeader.swift in Sources */ = {isa = PBXBuildFile; fileRef = 4D96D1551BFE299000CDE687 /* FriendsCollectionViewHeader.swift */; };
		4D9B85411C46AFE500C4F720 /* CauseBlogPostViewController.swift in Sources */ = {isa = PBXBuildFile; fileRef = 4D9B853F1C46AFE500C4F720 /* CauseBlogPostViewController.swift */; };
		4D9B85421C46AFE500C4F720 /* CauseBlogPostViewController.xib in Resources */ = {isa = PBXBuildFile; fileRef = 4D9B85401C46AFE500C4F720 /* CauseBlogPostViewController.xib */; };
		4D9BB1151BFFD00300E5000A /* BlogPostTableViewHeader.xib in Resources */ = {isa = PBXBuildFile; fileRef = 4D9BB1141BFFD00300E5000A /* BlogPostTableViewHeader.xib */; };
		4D9BB1171BFFD32200E5000A /* BlogPostTableViewHeader.swift in Sources */ = {isa = PBXBuildFile; fileRef = 4D9BB1161BFFD32200E5000A /* BlogPostTableViewHeader.swift */; };
		4D9BB11A1BFFD40700E5000A /* CauseStoryViewController.swift in Sources */ = {isa = PBXBuildFile; fileRef = 4D9BB1181BFFD40700E5000A /* CauseStoryViewController.swift */; };
		4D9BB11B1BFFD40700E5000A /* CauseStoryViewController.xib in Resources */ = {isa = PBXBuildFile; fileRef = 4D9BB1191BFFD40700E5000A /* CauseStoryViewController.xib */; };
		4DA63D541C5B163A0019219F /* SettingsTableViewDataSource.swift in Sources */ = {isa = PBXBuildFile; fileRef = 4DA63D531C5B163A0019219F /* SettingsTableViewDataSource.swift */; };
		4DA63D571C5B1B070019219F /* SettingsTableViewCell.swift in Sources */ = {isa = PBXBuildFile; fileRef = 4DA63D551C5B1B070019219F /* SettingsTableViewCell.swift */; };
		4DA63D581C5B1B070019219F /* SettingsTableViewCell.xib in Resources */ = {isa = PBXBuildFile; fileRef = 4DA63D561C5B1B070019219F /* SettingsTableViewCell.xib */; };
		4DB8CB171B8ED5CE00A6031D /* ForgetLoginViewController.swift in Sources */ = {isa = PBXBuildFile; fileRef = 4DB8CB151B8ED5CE00A6031D /* ForgetLoginViewController.swift */; };
		4DB8CB181B8ED5CE00A6031D /* ForgetLoginViewController.xib in Resources */ = {isa = PBXBuildFile; fileRef = 4DB8CB161B8ED5CE00A6031D /* ForgetLoginViewController.xib */; };
		4DC0C9891BF8D37100E2A468 /* CauseUpdateViewController.swift in Sources */ = {isa = PBXBuildFile; fileRef = 4DC0C9871BF8D37100E2A468 /* CauseUpdateViewController.swift */; };
		4DC0C98A1BF8D37100E2A468 /* CauseUpdateViewController.xib in Resources */ = {isa = PBXBuildFile; fileRef = 4DC0C9881BF8D37100E2A468 /* CauseUpdateViewController.xib */; };
		4DC0C98C1BF8D54A00E2A468 /* AmountDonatedHeaderView.swift in Sources */ = {isa = PBXBuildFile; fileRef = 4DC0C98B1BF8D54A00E2A468 /* AmountDonatedHeaderView.swift */; };
		4DC0C98E1BF8D57600E2A468 /* AmountDonatedHeaderView.xib in Resources */ = {isa = PBXBuildFile; fileRef = 4DC0C98D1BF8D57600E2A468 /* AmountDonatedHeaderView.xib */; };
		4DC8A7C51B8D6D0800F3A9ED /* AVFoundation.framework in Frameworks */ = {isa = PBXBuildFile; fileRef = 4DC8A7C41B8D6D0800F3A9ED /* AVFoundation.framework */; };
		4DC8A7C71B8D6D0D00F3A9ED /* AudioToolbox.framework in Frameworks */ = {isa = PBXBuildFile; fileRef = 4DC8A7C61B8D6D0D00F3A9ED /* AudioToolbox.framework */; };
		4DC8A7C91B8D6D1700F3A9ED /* CoreMedia.framework in Frameworks */ = {isa = PBXBuildFile; fileRef = 4DC8A7C81B8D6D1700F3A9ED /* CoreMedia.framework */; };
		4DC8A7CB1B8D6D1E00F3A9ED /* MobileCoreServices.framework in Frameworks */ = {isa = PBXBuildFile; fileRef = 4DC8A7CA1B8D6D1E00F3A9ED /* MobileCoreServices.framework */; };
		4DD2FDF21C25DA0100CF3F4C /* SearchViewController.swift in Sources */ = {isa = PBXBuildFile; fileRef = 4DD2FDF01C25DA0100CF3F4C /* SearchViewController.swift */; };
		4DD2FDF31C25DA0100CF3F4C /* SearchViewController.xib in Resources */ = {isa = PBXBuildFile; fileRef = 4DD2FDF11C25DA0100CF3F4C /* SearchViewController.xib */; };
		4DD2FDF71C25E75B00CF3F4C /* InitialSearchView.xib in Resources */ = {isa = PBXBuildFile; fileRef = 4DD2FDF61C25E75B00CF3F4C /* InitialSearchView.xib */; };
		4DD2FDFC1C25FEBE00CF3F4C /* SearchCauseTableViewCell.swift in Sources */ = {isa = PBXBuildFile; fileRef = 4DD2FDFA1C25FEBE00CF3F4C /* SearchCauseTableViewCell.swift */; };
		4DD2FDFD1C25FEBE00CF3F4C /* SearchCauseTableViewCell.xib in Resources */ = {isa = PBXBuildFile; fileRef = 4DD2FDFB1C25FEBE00CF3F4C /* SearchCauseTableViewCell.xib */; };
		4DE6692E1B86C5A9005CB0AF /* UIColor+ImpactColors.swift in Sources */ = {isa = PBXBuildFile; fileRef = 4DE6692D1B86C5A9005CB0AF /* UIColor+ImpactColors.swift */; };
		4DE85F671BD188BC002AE4C5 /* UIViewController+CustomStatusBar.swift in Sources */ = {isa = PBXBuildFile; fileRef = 4DE85F661BD188BC002AE4C5 /* UIViewController+CustomStatusBar.swift */; };
		4DE85F691BD18CC5002AE4C5 /* Cause.swift in Sources */ = {isa = PBXBuildFile; fileRef = 4DE85F681BD18CC5002AE4C5 /* Cause.swift */; };
		4DE94A851C59E92800850363 /* ProfileViewController.swift in Sources */ = {isa = PBXBuildFile; fileRef = 4DE94A831C59E92800850363 /* ProfileViewController.swift */; };
		4DE94A861C59E92800850363 /* ProfileViewController.xib in Resources */ = {isa = PBXBuildFile; fileRef = 4DE94A841C59E92800850363 /* ProfileViewController.xib */; };
		4DE94A911C59EDAC00850363 /* SettingsViewController.swift in Sources */ = {isa = PBXBuildFile; fileRef = 4DE94A8F1C59EDAC00850363 /* SettingsViewController.swift */; };
		4DE94A921C59EDAC00850363 /* SettingsViewController.xib in Resources */ = {isa = PBXBuildFile; fileRef = 4DE94A901C59EDAC00850363 /* SettingsViewController.xib */; };
		4DF27D401C24A11E007D563A /* UIFont+CustomFonts.swift in Sources */ = {isa = PBXBuildFile; fileRef = 4DF27D3F1C24A11E007D563A /* UIFont+CustomFonts.swift */; };
		4E515AB7A3CD6CED1BBE3ABB /* Pods_Impact.framework in Frameworks */ = {isa = PBXBuildFile; fileRef = 7DC47E49CE7D52E23F79192F /* Pods_Impact.framework */; };
		B8049CBB1C2F099F005A559B /* Contribution.swift in Sources */ = {isa = PBXBuildFile; fileRef = B8049CBA1C2F099F005A559B /* Contribution.swift */; };
		B8049CBD1C2F0B20005A559B /* Category.swift in Sources */ = {isa = PBXBuildFile; fileRef = B8049CBC1C2F0B20005A559B /* Category.swift */; };
		B8049CC01C2F378D005A559B /* User.swift in Sources */ = {isa = PBXBuildFile; fileRef = B8049CBF1C2F378D005A559B /* User.swift */; };
		B82E47821BB747E600D3C90B /* LaunchScreen.xib in Resources */ = {isa = PBXBuildFile; fileRef = B8585C241B8642E900AB091A /* LaunchScreen.xib */; };
		B82E47831BB747E600D3C90B /* Main.storyboard in Resources */ = {isa = PBXBuildFile; fileRef = B8585C1F1B8642E900AB091A /* Main.storyboard */; };
		B8585C191B8642E900AB091A /* AppDelegate.swift in Sources */ = {isa = PBXBuildFile; fileRef = B8585C181B8642E900AB091A /* AppDelegate.swift */; };
		B8585C1C1B8642E900AB091A /* Impact.xcdatamodeld in Sources */ = {isa = PBXBuildFile; fileRef = B8585C1A1B8642E900AB091A /* Impact.xcdatamodeld */; };
		B8585C1E1B8642E900AB091A /* ViewController.swift in Sources */ = {isa = PBXBuildFile; fileRef = B8585C1D1B8642E900AB091A /* ViewController.swift */; };
		B8585C231B8642E900AB091A /* Images.xcassets in Resources */ = {isa = PBXBuildFile; fileRef = B8585C221B8642E900AB091A /* Images.xcassets */; };
		B8585C321B8642E900AB091A /* ImpactTests.swift in Sources */ = {isa = PBXBuildFile; fileRef = B8585C311B8642E900AB091A /* ImpactTests.swift */; };
		B85F3F601BDD656C0029F83E /* ContributionsCollectionViewCell.swift in Sources */ = {isa = PBXBuildFile; fileRef = B85F3F5E1BDD656C0029F83E /* ContributionsCollectionViewCell.swift */; };
		B85F3F611BDD656C0029F83E /* ContributionsCollectionViewCell.xib in Resources */ = {isa = PBXBuildFile; fileRef = B85F3F5F1BDD656C0029F83E /* ContributionsCollectionViewCell.xib */; };
		B85F3F641BDD6C130029F83E /* ContributionsViewController.swift in Sources */ = {isa = PBXBuildFile; fileRef = B85F3F621BDD6C130029F83E /* ContributionsViewController.swift */; };
		B85F3F651BDD6C130029F83E /* ContributionsViewController.xib in Resources */ = {isa = PBXBuildFile; fileRef = B85F3F631BDD6C130029F83E /* ContributionsViewController.xib */; };
		B8A5CF4F1B8FF48600D71D2C /* FirstIntroViewController.swift in Sources */ = {isa = PBXBuildFile; fileRef = B8A5CF4D1B8FF48600D71D2C /* FirstIntroViewController.swift */; };
		B8A5CF501B8FF48600D71D2C /* FirstIntroViewController.xib in Resources */ = {isa = PBXBuildFile; fileRef = B8A5CF4E1B8FF48600D71D2C /* FirstIntroViewController.xib */; };
		B8A5CF531B8FF49A00D71D2C /* ThirdIntroViewController.swift in Sources */ = {isa = PBXBuildFile; fileRef = B8A5CF511B8FF49A00D71D2C /* ThirdIntroViewController.swift */; };
		B8A5CF541B8FF49A00D71D2C /* ThirdIntroViewController.xib in Resources */ = {isa = PBXBuildFile; fileRef = B8A5CF521B8FF49A00D71D2C /* ThirdIntroViewController.xib */; };
		B8A5CF571B8FF4A500D71D2C /* FinalIntroViewController.swift in Sources */ = {isa = PBXBuildFile; fileRef = B8A5CF551B8FF4A500D71D2C /* FinalIntroViewController.swift */; };
		B8A5CF581B8FF4A500D71D2C /* FinalIntroViewController.xib in Resources */ = {isa = PBXBuildFile; fileRef = B8A5CF561B8FF4A500D71D2C /* FinalIntroViewController.xib */; };
		B8B8AA6C1B8FF69D006E689C /* PageViewController.swift in Sources */ = {isa = PBXBuildFile; fileRef = B8B8AA6A1B8FF69D006E689C /* PageViewController.swift */; };
		B8B8AA6D1B8FF69D006E689C /* PageViewController.xib in Resources */ = {isa = PBXBuildFile; fileRef = B8B8AA6B1B8FF69D006E689C /* PageViewController.xib */; };
		B8B8AA701B8FFBD1006E689C /* ContentViewController.swift in Sources */ = {isa = PBXBuildFile; fileRef = B8B8AA6E1B8FFBD1006E689C /* ContentViewController.swift */; };
		B8B8AA711B8FFBD1006E689C /* ContentViewController.xib in Resources */ = {isa = PBXBuildFile; fileRef = B8B8AA6F1B8FFBD1006E689C /* ContentViewController.xib */; };
		B8C77E131B8ABEFA00000927 /* InitialScreenViewController.swift in Sources */ = {isa = PBXBuildFile; fileRef = B8C77E111B8ABEFA00000927 /* InitialScreenViewController.swift */; };
		B8C77E141B8ABEFA00000927 /* InitialScreenViewController.xib in Resources */ = {isa = PBXBuildFile; fileRef = B8C77E121B8ABEFA00000927 /* InitialScreenViewController.xib */; };
		B8C77E1A1B8AC2E700000927 /* SignInViewController.swift in Sources */ = {isa = PBXBuildFile; fileRef = B8C77E181B8AC2E700000927 /* SignInViewController.swift */; };
		B8C77E1B1B8AC2E700000927 /* SignInViewController.xib in Resources */ = {isa = PBXBuildFile; fileRef = B8C77E191B8AC2E700000927 /* SignInViewController.xib */; };
		B8C77E1E1B8AC2FF00000927 /* SignUpViewController.swift in Sources */ = {isa = PBXBuildFile; fileRef = B8C77E1C1B8AC2FF00000927 /* SignUpViewController.swift */; };
		B8C77E1F1B8AC2FF00000927 /* SignUpViewController.xib in Resources */ = {isa = PBXBuildFile; fileRef = B8C77E1D1B8AC2FF00000927 /* SignUpViewController.xib */; };
		B8D45A051B8FF3E000877310 /* SecondIntroViewController.swift in Sources */ = {isa = PBXBuildFile; fileRef = B8D45A031B8FF3E000877310 /* SecondIntroViewController.swift */; };
		B8D45A061B8FF3E000877310 /* SecondIntroViewController.xib in Resources */ = {isa = PBXBuildFile; fileRef = B8D45A041B8FF3E000877310 /* SecondIntroViewController.xib */; };
/* End PBXBuildFile section */

/* Begin PBXContainerItemProxy section */
		B8585C2C1B8642E900AB091A /* PBXContainerItemProxy */ = {
			isa = PBXContainerItemProxy;
			containerPortal = B8585C0B1B8642E800AB091A /* Project object */;
			proxyType = 1;
			remoteGlobalIDString = B8585C121B8642E800AB091A;
			remoteInfo = Impact;
		};
/* End PBXContainerItemProxy section */

/* Begin PBXFileReference section */
		1280A710DB7E095180D81B15 /* Pods-Impact.debug.xcconfig */ = {isa = PBXFileReference; includeInIndex = 1; lastKnownFileType = text.xcconfig; name = "Pods-Impact.debug.xcconfig"; path = "Pods/Target Support Files/Pods-Impact/Pods-Impact.debug.xcconfig"; sourceTree = "<group>"; };
		4D02EC151BD0887200701C75 /* ExploreViewController.swift */ = {isa = PBXFileReference; fileEncoding = 4; lastKnownFileType = sourcecode.swift; path = ExploreViewController.swift; sourceTree = "<group>"; };
		4D02EC161BD0887200701C75 /* ExploreViewController.xib */ = {isa = PBXFileReference; fileEncoding = 4; lastKnownFileType = file.xib; path = ExploreViewController.xib; sourceTree = "<group>"; };
		4D02EC1A1BD08A0400701C75 /* CausesTableViewCell.swift */ = {isa = PBXFileReference; fileEncoding = 4; lastKnownFileType = sourcecode.swift; path = CausesTableViewCell.swift; sourceTree = "<group>"; };
		4D02EC1B1BD08A0400701C75 /* CausesTableViewCell.xib */ = {isa = PBXFileReference; fileEncoding = 4; lastKnownFileType = file.xib; path = CausesTableViewCell.xib; sourceTree = "<group>"; };
		4D02EC221BD0918500701C75 /* HeaderView.swift */ = {isa = PBXFileReference; fileEncoding = 4; lastKnownFileType = sourcecode.swift; path = HeaderView.swift; sourceTree = "<group>"; };
		4D02EC261BD0ABF000701C75 /* String+Date.swift */ = {isa = PBXFileReference; fileEncoding = 4; lastKnownFileType = sourcecode.swift; path = "String+Date.swift"; sourceTree = "<group>"; };
		4D05AA7A1C5880D9002B8C9A /* ActivityIndicator.swift */ = {isa = PBXFileReference; fileEncoding = 4; lastKnownFileType = sourcecode.swift; path = ActivityIndicator.swift; sourceTree = "<group>"; };
		4D0FDE431B8B77C3002877CE /* UIImageView+AsynchronousLoading.swift */ = {isa = PBXFileReference; fileEncoding = 4; lastKnownFileType = sourcecode.swift; path = "UIImageView+AsynchronousLoading.swift"; sourceTree = "<group>"; };
		4D0FDE481B8B8620002877CE /* UIView+Nib.swift */ = {isa = PBXFileReference; fileEncoding = 4; lastKnownFileType = sourcecode.swift; path = "UIView+Nib.swift"; sourceTree = "<group>"; };
		4D0FDE4B1B8BB646002877CE /* BankSignInViewController.swift */ = {isa = PBXFileReference; fileEncoding = 4; lastKnownFileType = sourcecode.swift; path = BankSignInViewController.swift; sourceTree = "<group>"; };
		4D0FDE4C1B8BB646002877CE /* BankSignInViewController.xib */ = {isa = PBXFileReference; fileEncoding = 4; lastKnownFileType = file.xib; path = BankSignInViewController.xib; sourceTree = "<group>"; };
		4D14C87A1C4D816100D7089B /* UserCollectionViewCell.swift */ = {isa = PBXFileReference; fileEncoding = 4; lastKnownFileType = sourcecode.swift; path = UserCollectionViewCell.swift; sourceTree = "<group>"; };
		4D14C87B1C4D816100D7089B /* UserCollectionViewCell.xib */ = {isa = PBXFileReference; fileEncoding = 4; lastKnownFileType = file.xib; path = UserCollectionViewCell.xib; sourceTree = "<group>"; };
		4D2256E81B8A8E5E00727A4C /* TabBarController.swift */ = {isa = PBXFileReference; fileEncoding = 4; lastKnownFileType = sourcecode.swift; path = TabBarController.swift; sourceTree = "<group>"; };
		4D2256EC1B8AC40E00727A4C /* RoundedButton.swift */ = {isa = PBXFileReference; fileEncoding = 4; lastKnownFileType = sourcecode.swift; path = RoundedButton.swift; sourceTree = "<group>"; };
		4D2256EE1B8AC7C900727A4C /* ChooseBankViewController.swift */ = {isa = PBXFileReference; fileEncoding = 4; lastKnownFileType = sourcecode.swift; path = ChooseBankViewController.swift; sourceTree = "<group>"; };
		4D2256EF1B8AC7C900727A4C /* ChooseBankViewController.xib */ = {isa = PBXFileReference; fileEncoding = 4; lastKnownFileType = file.xib; path = ChooseBankViewController.xib; sourceTree = "<group>"; };
		4D2256F21B8ACBD500727A4C /* ChooseBankHeaderView.xib */ = {isa = PBXFileReference; fileEncoding = 4; lastKnownFileType = file.xib; path = ChooseBankHeaderView.xib; sourceTree = "<group>"; };
		4D2256F81B8AD62300727A4C /* RoundedCollectionViewCell.swift */ = {isa = PBXFileReference; fileEncoding = 4; lastKnownFileType = sourcecode.swift; path = RoundedCollectionViewCell.swift; sourceTree = "<group>"; };
		4D2256F91B8AD62300727A4C /* RoundedCollectionViewCell.xib */ = {isa = PBXFileReference; fileEncoding = 4; lastKnownFileType = file.xib; path = RoundedCollectionViewCell.xib; sourceTree = "<group>"; };
		4D2257011B8ADD1000727A4C /* Bank.swift */ = {isa = PBXFileReference; fileEncoding = 4; lastKnownFileType = sourcecode.swift; path = Bank.swift; sourceTree = "<group>"; };
		4D2265821BA7937000A51908 /* CreditCardViewController.swift */ = {isa = PBXFileReference; fileEncoding = 4; lastKnownFileType = sourcecode.swift; path = CreditCardViewController.swift; sourceTree = "<group>"; };
		4D2265831BA7937000A51908 /* CreditCardViewController.xib */ = {isa = PBXFileReference; fileEncoding = 4; lastKnownFileType = file.xib; path = CreditCardViewController.xib; sourceTree = "<group>"; };
		4D2265861BA7979300A51908 /* Bridging-Header.h */ = {isa = PBXFileReference; lastKnownFileType = sourcecode.c.h; path = "Bridging-Header.h"; sourceTree = "<group>"; };
		4D2B0FE21BBF4B8100482FF4 /* AlertViewController.swift */ = {isa = PBXFileReference; fileEncoding = 4; lastKnownFileType = sourcecode.swift; path = AlertViewController.swift; sourceTree = "<group>"; };
		4D2B0FE81BBF5ADD00482FF4 /* AlertPopupView.xib */ = {isa = PBXFileReference; fileEncoding = 4; lastKnownFileType = file.xib; path = AlertPopupView.xib; sourceTree = "<group>"; };
		4D545D8B1BF7B99D00F009D5 /* DeviceDetect.swift */ = {isa = PBXFileReference; fileEncoding = 4; lastKnownFileType = sourcecode.swift; path = DeviceDetect.swift; sourceTree = "<group>"; };
		4D5522991B870EB700F9E5CA /* ServerRequest.swift */ = {isa = PBXFileReference; fileEncoding = 4; lastKnownFileType = sourcecode.swift; path = ServerRequest.swift; sourceTree = "<group>"; };
		4D5C80591BA8F2F0001DEDAF /* UITextField+Padding.swift */ = {isa = PBXFileReference; fileEncoding = 4; lastKnownFileType = sourcecode.swift; path = "UITextField+Padding.swift"; sourceTree = "<group>"; };
		4D6BC98E1BE4FED6000C89C8 /* CategoriesViewController.swift */ = {isa = PBXFileReference; fileEncoding = 4; lastKnownFileType = sourcecode.swift; path = CategoriesViewController.swift; sourceTree = "<group>"; };
		4D6BC98F1BE4FED6000C89C8 /* CategoriesViewController.xib */ = {isa = PBXFileReference; fileEncoding = 4; lastKnownFileType = file.xib; path = CategoriesViewController.xib; sourceTree = "<group>"; };
		4D6BC9931BE4FF8D000C89C8 /* CategoriesCollectionViewCell.swift */ = {isa = PBXFileReference; fileEncoding = 4; lastKnownFileType = sourcecode.swift; path = CategoriesCollectionViewCell.swift; sourceTree = "<group>"; };
		4D6BC9941BE4FF8D000C89C8 /* CategoriesCollectionViewCell.xib */ = {isa = PBXFileReference; fileEncoding = 4; lastKnownFileType = file.xib; path = CategoriesCollectionViewCell.xib; sourceTree = "<group>"; };
		4D6BC9971BE50B4E000C89C8 /* ChooseCategoryHeaderView.xib */ = {isa = PBXFileReference; fileEncoding = 4; lastKnownFileType = file.xib; path = ChooseCategoryHeaderView.xib; sourceTree = "<group>"; };
		4D6DC35D1B8BEBAC0017BF29 /* BankPinViewController.swift */ = {isa = PBXFileReference; fileEncoding = 4; lastKnownFileType = sourcecode.swift; path = BankPinViewController.swift; sourceTree = "<group>"; };
		4D6DC35E1B8BEBAC0017BF29 /* BankPinViewController.xib */ = {isa = PBXFileReference; fileEncoding = 4; lastKnownFileType = file.xib; path = BankPinViewController.xib; sourceTree = "<group>"; };
		4D6DC3631B8BED330017BF29 /* DoneButton.swift */ = {isa = PBXFileReference; fileEncoding = 4; lastKnownFileType = sourcecode.swift; path = DoneButton.swift; sourceTree = "<group>"; };
		4D7659151B8A3A55000862F7 /* BottomBorderedTextField.swift */ = {isa = PBXFileReference; fileEncoding = 4; lastKnownFileType = sourcecode.swift; path = BottomBorderedTextField.swift; sourceTree = "<group>"; };
		4D8210271BD291F30032DA07 /* CircleGraph.swift */ = {isa = PBXFileReference; fileEncoding = 4; lastKnownFileType = sourcecode.swift; path = CircleGraph.swift; sourceTree = "<group>"; };
		4D89C1351C456DA300D6B1F0 /* BlogPost.swift */ = {isa = PBXFileReference; fileEncoding = 4; lastKnownFileType = sourcecode.swift; path = BlogPost.swift; sourceTree = "<group>"; };
		4D91C48F1C28841D00A4C0A5 /* PreviousImpactsViewController.swift */ = {isa = PBXFileReference; fileEncoding = 4; lastKnownFileType = sourcecode.swift; path = PreviousImpactsViewController.swift; sourceTree = "<group>"; };
		4D91C4901C28841D00A4C0A5 /* PreviousImpactsViewController.xib */ = {isa = PBXFileReference; fileEncoding = 4; lastKnownFileType = file.xib; path = PreviousImpactsViewController.xib; sourceTree = "<group>"; };
		4D91C4931C28861800A4C0A5 /* AccessoryTableViewCell.swift */ = {isa = PBXFileReference; fileEncoding = 4; lastKnownFileType = sourcecode.swift; path = AccessoryTableViewCell.swift; sourceTree = "<group>"; };
		4D91C4941C28861800A4C0A5 /* AccessoryTableViewCell.xib */ = {isa = PBXFileReference; fileEncoding = 4; lastKnownFileType = file.xib; path = AccessoryTableViewCell.xib; sourceTree = "<group>"; };
		4D92199B1BF815D700A326A8 /* CausePageViewController.swift */ = {isa = PBXFileReference; fileEncoding = 4; lastKnownFileType = sourcecode.swift; path = CausePageViewController.swift; sourceTree = "<group>"; };
		4D92199C1BF815D700A326A8 /* CausePageViewController.xib */ = {isa = PBXFileReference; fileEncoding = 4; lastKnownFileType = file.xib; path = CausePageViewController.xib; sourceTree = "<group>"; };
		4D92199F1BF8190E00A326A8 /* CustomSegmentControl.swift */ = {isa = PBXFileReference; fileEncoding = 4; lastKnownFileType = sourcecode.swift; path = CustomSegmentControl.swift; sourceTree = "<group>"; };
		4D9621F31BA9A16F005EBCDD /* UserCredentials.swift */ = {isa = PBXFileReference; fileEncoding = 4; lastKnownFileType = sourcecode.swift; path = UserCredentials.swift; sourceTree = "<group>"; };
		4D962E9B1B8BFB780026E84D /* BankSecurityQuestionViewController.swift */ = {isa = PBXFileReference; fileEncoding = 4; lastKnownFileType = sourcecode.swift; path = BankSecurityQuestionViewController.swift; sourceTree = "<group>"; };
		4D962E9C1B8BFB780026E84D /* BankSecurityQuestionViewController.xib */ = {isa = PBXFileReference; fileEncoding = 4; lastKnownFileType = file.xib; path = BankSecurityQuestionViewController.xib; sourceTree = "<group>"; };
		4D96D1501BFE282500CDE687 /* FriendsCollectionViewHeader.xib */ = {isa = PBXFileReference; fileEncoding = 4; lastKnownFileType = file.xib; path = FriendsCollectionViewHeader.xib; sourceTree = "<group>"; };
		4D96D1551BFE299000CDE687 /* FriendsCollectionViewHeader.swift */ = {isa = PBXFileReference; fileEncoding = 4; lastKnownFileType = sourcecode.swift; path = FriendsCollectionViewHeader.swift; sourceTree = "<group>"; };
		4D9B853F1C46AFE500C4F720 /* CauseBlogPostViewController.swift */ = {isa = PBXFileReference; fileEncoding = 4; lastKnownFileType = sourcecode.swift; path = CauseBlogPostViewController.swift; sourceTree = "<group>"; };
		4D9B85401C46AFE500C4F720 /* CauseBlogPostViewController.xib */ = {isa = PBXFileReference; fileEncoding = 4; lastKnownFileType = file.xib; path = CauseBlogPostViewController.xib; sourceTree = "<group>"; };
		4D9BB1141BFFD00300E5000A /* BlogPostTableViewHeader.xib */ = {isa = PBXFileReference; fileEncoding = 4; lastKnownFileType = file.xib; path = BlogPostTableViewHeader.xib; sourceTree = "<group>"; };
		4D9BB1161BFFD32200E5000A /* BlogPostTableViewHeader.swift */ = {isa = PBXFileReference; fileEncoding = 4; lastKnownFileType = sourcecode.swift; path = BlogPostTableViewHeader.swift; sourceTree = "<group>"; };
		4D9BB1181BFFD40700E5000A /* CauseStoryViewController.swift */ = {isa = PBXFileReference; fileEncoding = 4; lastKnownFileType = sourcecode.swift; path = CauseStoryViewController.swift; sourceTree = "<group>"; };
		4D9BB1191BFFD40700E5000A /* CauseStoryViewController.xib */ = {isa = PBXFileReference; fileEncoding = 4; lastKnownFileType = file.xib; path = CauseStoryViewController.xib; sourceTree = "<group>"; };
		4DA63D531C5B163A0019219F /* SettingsTableViewDataSource.swift */ = {isa = PBXFileReference; fileEncoding = 4; lastKnownFileType = sourcecode.swift; path = SettingsTableViewDataSource.swift; sourceTree = "<group>"; };
		4DA63D551C5B1B070019219F /* SettingsTableViewCell.swift */ = {isa = PBXFileReference; fileEncoding = 4; lastKnownFileType = sourcecode.swift; path = SettingsTableViewCell.swift; sourceTree = "<group>"; };
		4DA63D561C5B1B070019219F /* SettingsTableViewCell.xib */ = {isa = PBXFileReference; fileEncoding = 4; lastKnownFileType = file.xib; path = SettingsTableViewCell.xib; sourceTree = "<group>"; };
		4DB8CB151B8ED5CE00A6031D /* ForgetLoginViewController.swift */ = {isa = PBXFileReference; fileEncoding = 4; lastKnownFileType = sourcecode.swift; path = ForgetLoginViewController.swift; sourceTree = "<group>"; };
		4DB8CB161B8ED5CE00A6031D /* ForgetLoginViewController.xib */ = {isa = PBXFileReference; fileEncoding = 4; lastKnownFileType = file.xib; path = ForgetLoginViewController.xib; sourceTree = "<group>"; };
		4DC0C9871BF8D37100E2A468 /* CauseUpdateViewController.swift */ = {isa = PBXFileReference; fileEncoding = 4; lastKnownFileType = sourcecode.swift; path = CauseUpdateViewController.swift; sourceTree = "<group>"; };
		4DC0C9881BF8D37100E2A468 /* CauseUpdateViewController.xib */ = {isa = PBXFileReference; fileEncoding = 4; lastKnownFileType = file.xib; path = CauseUpdateViewController.xib; sourceTree = "<group>"; };
		4DC0C98B1BF8D54A00E2A468 /* AmountDonatedHeaderView.swift */ = {isa = PBXFileReference; fileEncoding = 4; lastKnownFileType = sourcecode.swift; path = AmountDonatedHeaderView.swift; sourceTree = "<group>"; };
		4DC0C98D1BF8D57600E2A468 /* AmountDonatedHeaderView.xib */ = {isa = PBXFileReference; fileEncoding = 4; lastKnownFileType = file.xib; path = AmountDonatedHeaderView.xib; sourceTree = "<group>"; };
		4DC8A7C41B8D6D0800F3A9ED /* AVFoundation.framework */ = {isa = PBXFileReference; lastKnownFileType = wrapper.framework; name = AVFoundation.framework; path = System/Library/Frameworks/AVFoundation.framework; sourceTree = SDKROOT; };
		4DC8A7C61B8D6D0D00F3A9ED /* AudioToolbox.framework */ = {isa = PBXFileReference; lastKnownFileType = wrapper.framework; name = AudioToolbox.framework; path = System/Library/Frameworks/AudioToolbox.framework; sourceTree = SDKROOT; };
		4DC8A7C81B8D6D1700F3A9ED /* CoreMedia.framework */ = {isa = PBXFileReference; lastKnownFileType = wrapper.framework; name = CoreMedia.framework; path = System/Library/Frameworks/CoreMedia.framework; sourceTree = SDKROOT; };
		4DC8A7CA1B8D6D1E00F3A9ED /* MobileCoreServices.framework */ = {isa = PBXFileReference; lastKnownFileType = wrapper.framework; name = MobileCoreServices.framework; path = System/Library/Frameworks/MobileCoreServices.framework; sourceTree = SDKROOT; };
		4DD2FDF01C25DA0100CF3F4C /* SearchViewController.swift */ = {isa = PBXFileReference; fileEncoding = 4; lastKnownFileType = sourcecode.swift; path = SearchViewController.swift; sourceTree = "<group>"; };
		4DD2FDF11C25DA0100CF3F4C /* SearchViewController.xib */ = {isa = PBXFileReference; fileEncoding = 4; lastKnownFileType = file.xib; path = SearchViewController.xib; sourceTree = "<group>"; };
		4DD2FDF61C25E75B00CF3F4C /* InitialSearchView.xib */ = {isa = PBXFileReference; fileEncoding = 4; lastKnownFileType = file.xib; path = InitialSearchView.xib; sourceTree = "<group>"; };
		4DD2FDFA1C25FEBE00CF3F4C /* SearchCauseTableViewCell.swift */ = {isa = PBXFileReference; fileEncoding = 4; lastKnownFileType = sourcecode.swift; path = SearchCauseTableViewCell.swift; sourceTree = "<group>"; };
		4DD2FDFB1C25FEBE00CF3F4C /* SearchCauseTableViewCell.xib */ = {isa = PBXFileReference; fileEncoding = 4; lastKnownFileType = file.xib; path = SearchCauseTableViewCell.xib; sourceTree = "<group>"; };
		4DE6692D1B86C5A9005CB0AF /* UIColor+ImpactColors.swift */ = {isa = PBXFileReference; fileEncoding = 4; lastKnownFileType = sourcecode.swift; path = "UIColor+ImpactColors.swift"; sourceTree = "<group>"; };
		4DE85F661BD188BC002AE4C5 /* UIViewController+CustomStatusBar.swift */ = {isa = PBXFileReference; fileEncoding = 4; lastKnownFileType = sourcecode.swift; path = "UIViewController+CustomStatusBar.swift"; sourceTree = "<group>"; };
		4DE85F681BD18CC5002AE4C5 /* Cause.swift */ = {isa = PBXFileReference; fileEncoding = 4; lastKnownFileType = sourcecode.swift; path = Cause.swift; sourceTree = "<group>"; };
		4DE94A831C59E92800850363 /* ProfileViewController.swift */ = {isa = PBXFileReference; fileEncoding = 4; lastKnownFileType = sourcecode.swift; path = ProfileViewController.swift; sourceTree = "<group>"; };
		4DE94A841C59E92800850363 /* ProfileViewController.xib */ = {isa = PBXFileReference; fileEncoding = 4; lastKnownFileType = file.xib; path = ProfileViewController.xib; sourceTree = "<group>"; };
		4DE94A8F1C59EDAC00850363 /* SettingsViewController.swift */ = {isa = PBXFileReference; fileEncoding = 4; lastKnownFileType = sourcecode.swift; path = SettingsViewController.swift; sourceTree = "<group>"; };
		4DE94A901C59EDAC00850363 /* SettingsViewController.xib */ = {isa = PBXFileReference; fileEncoding = 4; lastKnownFileType = file.xib; path = SettingsViewController.xib; sourceTree = "<group>"; };
		4DF27D3F1C24A11E007D563A /* UIFont+CustomFonts.swift */ = {isa = PBXFileReference; fileEncoding = 4; lastKnownFileType = sourcecode.swift; path = "UIFont+CustomFonts.swift"; sourceTree = "<group>"; };
		7DC47E49CE7D52E23F79192F /* Pods_Impact.framework */ = {isa = PBXFileReference; explicitFileType = wrapper.framework; includeInIndex = 0; path = Pods_Impact.framework; sourceTree = BUILT_PRODUCTS_DIR; };
		B8049CBA1C2F099F005A559B /* Contribution.swift */ = {isa = PBXFileReference; fileEncoding = 4; lastKnownFileType = sourcecode.swift; path = Contribution.swift; sourceTree = "<group>"; };
		B8049CBC1C2F0B20005A559B /* Category.swift */ = {isa = PBXFileReference; fileEncoding = 4; lastKnownFileType = sourcecode.swift; path = Category.swift; sourceTree = "<group>"; };
		B8049CBF1C2F378D005A559B /* User.swift */ = {isa = PBXFileReference; fileEncoding = 4; lastKnownFileType = sourcecode.swift; path = User.swift; sourceTree = "<group>"; };
		B8585C131B8642E800AB091A /* Impact.app */ = {isa = PBXFileReference; explicitFileType = wrapper.application; includeInIndex = 0; path = Impact.app; sourceTree = BUILT_PRODUCTS_DIR; };
		B8585C171B8642E800AB091A /* Info.plist */ = {isa = PBXFileReference; lastKnownFileType = text.plist.xml; path = Info.plist; sourceTree = "<group>"; };
		B8585C181B8642E900AB091A /* AppDelegate.swift */ = {isa = PBXFileReference; lastKnownFileType = sourcecode.swift; path = AppDelegate.swift; sourceTree = "<group>"; };
		B8585C1B1B8642E900AB091A /* Impact.xcdatamodel */ = {isa = PBXFileReference; lastKnownFileType = wrapper.xcdatamodel; path = Impact.xcdatamodel; sourceTree = "<group>"; };
		B8585C1D1B8642E900AB091A /* ViewController.swift */ = {isa = PBXFileReference; lastKnownFileType = sourcecode.swift; path = ViewController.swift; sourceTree = "<group>"; };
		B8585C201B8642E900AB091A /* Base */ = {isa = PBXFileReference; lastKnownFileType = file.storyboard; name = Base; path = Base.lproj/Main.storyboard; sourceTree = "<group>"; };
		B8585C221B8642E900AB091A /* Images.xcassets */ = {isa = PBXFileReference; lastKnownFileType = folder.assetcatalog; path = Images.xcassets; sourceTree = "<group>"; };
		B8585C251B8642E900AB091A /* Base */ = {isa = PBXFileReference; lastKnownFileType = file.xib; name = Base; path = Base.lproj/LaunchScreen.xib; sourceTree = "<group>"; };
		B8585C2B1B8642E900AB091A /* ImpactTests.xctest */ = {isa = PBXFileReference; explicitFileType = wrapper.cfbundle; includeInIndex = 0; path = ImpactTests.xctest; sourceTree = BUILT_PRODUCTS_DIR; };
		B8585C301B8642E900AB091A /* Info.plist */ = {isa = PBXFileReference; lastKnownFileType = text.plist.xml; path = Info.plist; sourceTree = "<group>"; };
		B8585C311B8642E900AB091A /* ImpactTests.swift */ = {isa = PBXFileReference; lastKnownFileType = sourcecode.swift; path = ImpactTests.swift; sourceTree = "<group>"; };
		B85F3F5E1BDD656C0029F83E /* ContributionsCollectionViewCell.swift */ = {isa = PBXFileReference; fileEncoding = 4; lastKnownFileType = sourcecode.swift; path = ContributionsCollectionViewCell.swift; sourceTree = "<group>"; };
		B85F3F5F1BDD656C0029F83E /* ContributionsCollectionViewCell.xib */ = {isa = PBXFileReference; fileEncoding = 4; lastKnownFileType = file.xib; path = ContributionsCollectionViewCell.xib; sourceTree = "<group>"; };
		B85F3F621BDD6C130029F83E /* ContributionsViewController.swift */ = {isa = PBXFileReference; fileEncoding = 4; lastKnownFileType = sourcecode.swift; path = ContributionsViewController.swift; sourceTree = "<group>"; };
		B85F3F631BDD6C130029F83E /* ContributionsViewController.xib */ = {isa = PBXFileReference; fileEncoding = 4; lastKnownFileType = file.xib; path = ContributionsViewController.xib; sourceTree = "<group>"; };
		B8A5CF4D1B8FF48600D71D2C /* FirstIntroViewController.swift */ = {isa = PBXFileReference; fileEncoding = 4; lastKnownFileType = sourcecode.swift; path = FirstIntroViewController.swift; sourceTree = "<group>"; };
		B8A5CF4E1B8FF48600D71D2C /* FirstIntroViewController.xib */ = {isa = PBXFileReference; fileEncoding = 4; lastKnownFileType = file.xib; path = FirstIntroViewController.xib; sourceTree = "<group>"; };
		B8A5CF511B8FF49A00D71D2C /* ThirdIntroViewController.swift */ = {isa = PBXFileReference; fileEncoding = 4; lastKnownFileType = sourcecode.swift; path = ThirdIntroViewController.swift; sourceTree = "<group>"; };
		B8A5CF521B8FF49A00D71D2C /* ThirdIntroViewController.xib */ = {isa = PBXFileReference; fileEncoding = 4; lastKnownFileType = file.xib; path = ThirdIntroViewController.xib; sourceTree = "<group>"; };
		B8A5CF551B8FF4A500D71D2C /* FinalIntroViewController.swift */ = {isa = PBXFileReference; fileEncoding = 4; lastKnownFileType = sourcecode.swift; path = FinalIntroViewController.swift; sourceTree = "<group>"; };
		B8A5CF561B8FF4A500D71D2C /* FinalIntroViewController.xib */ = {isa = PBXFileReference; fileEncoding = 4; lastKnownFileType = file.xib; path = FinalIntroViewController.xib; sourceTree = "<group>"; };
		B8B8AA6A1B8FF69D006E689C /* PageViewController.swift */ = {isa = PBXFileReference; fileEncoding = 4; lastKnownFileType = sourcecode.swift; path = PageViewController.swift; sourceTree = "<group>"; };
		B8B8AA6B1B8FF69D006E689C /* PageViewController.xib */ = {isa = PBXFileReference; fileEncoding = 4; lastKnownFileType = file.xib; path = PageViewController.xib; sourceTree = "<group>"; };
		B8B8AA6E1B8FFBD1006E689C /* ContentViewController.swift */ = {isa = PBXFileReference; fileEncoding = 4; lastKnownFileType = sourcecode.swift; path = ContentViewController.swift; sourceTree = "<group>"; };
		B8B8AA6F1B8FFBD1006E689C /* ContentViewController.xib */ = {isa = PBXFileReference; fileEncoding = 4; lastKnownFileType = file.xib; path = ContentViewController.xib; sourceTree = "<group>"; };
		B8C77E111B8ABEFA00000927 /* InitialScreenViewController.swift */ = {isa = PBXFileReference; fileEncoding = 4; lastKnownFileType = sourcecode.swift; path = InitialScreenViewController.swift; sourceTree = "<group>"; };
		B8C77E121B8ABEFA00000927 /* InitialScreenViewController.xib */ = {isa = PBXFileReference; fileEncoding = 4; lastKnownFileType = file.xib; path = InitialScreenViewController.xib; sourceTree = "<group>"; };
		B8C77E181B8AC2E700000927 /* SignInViewController.swift */ = {isa = PBXFileReference; fileEncoding = 4; lastKnownFileType = sourcecode.swift; path = SignInViewController.swift; sourceTree = "<group>"; };
		B8C77E191B8AC2E700000927 /* SignInViewController.xib */ = {isa = PBXFileReference; fileEncoding = 4; lastKnownFileType = file.xib; path = SignInViewController.xib; sourceTree = "<group>"; };
		B8C77E1C1B8AC2FF00000927 /* SignUpViewController.swift */ = {isa = PBXFileReference; fileEncoding = 4; lastKnownFileType = sourcecode.swift; path = SignUpViewController.swift; sourceTree = "<group>"; };
		B8C77E1D1B8AC2FF00000927 /* SignUpViewController.xib */ = {isa = PBXFileReference; fileEncoding = 4; lastKnownFileType = file.xib; path = SignUpViewController.xib; sourceTree = "<group>"; };
		B8D45A031B8FF3E000877310 /* SecondIntroViewController.swift */ = {isa = PBXFileReference; fileEncoding = 4; lastKnownFileType = sourcecode.swift; path = SecondIntroViewController.swift; sourceTree = "<group>"; };
		B8D45A041B8FF3E000877310 /* SecondIntroViewController.xib */ = {isa = PBXFileReference; fileEncoding = 4; lastKnownFileType = file.xib; path = SecondIntroViewController.xib; sourceTree = "<group>"; };
		ED45840C4AA33A9113487D60 /* Pods-Impact.release.xcconfig */ = {isa = PBXFileReference; includeInIndex = 1; lastKnownFileType = text.xcconfig; name = "Pods-Impact.release.xcconfig"; path = "Pods/Target Support Files/Pods-Impact/Pods-Impact.release.xcconfig"; sourceTree = "<group>"; };
/* End PBXFileReference section */

/* Begin PBXFrameworksBuildPhase section */
		B8585C101B8642E800AB091A /* Frameworks */ = {
			isa = PBXFrameworksBuildPhase;
			buildActionMask = 2147483647;
			files = (
				4DC8A7CB1B8D6D1E00F3A9ED /* MobileCoreServices.framework in Frameworks */,
				4DC8A7C91B8D6D1700F3A9ED /* CoreMedia.framework in Frameworks */,
				4DC8A7C71B8D6D0D00F3A9ED /* AudioToolbox.framework in Frameworks */,
				4DC8A7C51B8D6D0800F3A9ED /* AVFoundation.framework in Frameworks */,
				4E515AB7A3CD6CED1BBE3ABB /* Pods_Impact.framework in Frameworks */,
			);
			runOnlyForDeploymentPostprocessing = 0;
		};
		B8585C281B8642E900AB091A /* Frameworks */ = {
			isa = PBXFrameworksBuildPhase;
			buildActionMask = 2147483647;
			files = (
			);
			runOnlyForDeploymentPostprocessing = 0;
		};
/* End PBXFrameworksBuildPhase section */

/* Begin PBXGroup section */
		0BA9FE90527541997B5C35A4 /* Frameworks */ = {
			isa = PBXGroup;
			children = (
				4DC8A7CA1B8D6D1E00F3A9ED /* MobileCoreServices.framework */,
				4DC8A7C81B8D6D1700F3A9ED /* CoreMedia.framework */,
				4DC8A7C61B8D6D0D00F3A9ED /* AudioToolbox.framework */,
				4DC8A7C41B8D6D0800F3A9ED /* AVFoundation.framework */,
				7DC47E49CE7D52E23F79192F /* Pods_Impact.framework */,
			);
			name = Frameworks;
			sourceTree = "<group>";
		};
		4D02EC191BD0887900701C75 /* Causes */ = {
			isa = PBXGroup;
			children = (
				4D96D1541BFE291900CDE687 /* Controller */,
				4D96D1531BFE290A00CDE687 /* Views */,
				4D96D1521BFE28F300CDE687 /* Model */,
			);
			name = Causes;
			sourceTree = "<group>";
		};
		4D0FDE451B8B82A1002877CE /* CustomViews */ = {
			isa = PBXGroup;
			children = (
				4D05AA7A1C5880D9002B8C9A /* ActivityIndicator.swift */,
				4D91C4931C28861800A4C0A5 /* AccessoryTableViewCell.swift */,
				4D91C4941C28861800A4C0A5 /* AccessoryTableViewCell.xib */,
				4D2B0FE21BBF4B8100482FF4 /* AlertViewController.swift */,
				4D8210271BD291F30032DA07 /* CircleGraph.swift */,
				4D02EC221BD0918500701C75 /* HeaderView.swift */,
				4D2B0FE81BBF5ADD00482FF4 /* AlertPopupView.xib */,
				4D6DC3631B8BED330017BF29 /* DoneButton.swift */,
				4D2256F81B8AD62300727A4C /* RoundedCollectionViewCell.swift */,
				4D2256F91B8AD62300727A4C /* RoundedCollectionViewCell.xib */,
			);
			name = CustomViews;
			sourceTree = "<group>";
		};
		4D0FDE4A1B8B98C8002877CE /* Model */ = {
			isa = PBXGroup;
			children = (
				4D2257011B8ADD1000727A4C /* Bank.swift */,
			);
			name = Model;
			sourceTree = "<group>";
		};
		4D2256B51B8A530800727A4C /* IBDesignables */ = {
			isa = PBXGroup;
			children = (
				4D92199F1BF8190E00A326A8 /* CustomSegmentControl.swift */,
				4D7659151B8A3A55000862F7 /* BottomBorderedTextField.swift */,
				4D2256EC1B8AC40E00727A4C /* RoundedButton.swift */,
			);
			name = IBDesignables;
			sourceTree = "<group>";
		};
		4D2256FE1B8ADC5D00727A4C /* Bank */ = {
			isa = PBXGroup;
			children = (
				4D2256FF1B8ADC8500727A4C /* Controller */,
				4D2257001B8ADC8F00727A4C /* View */,
				4D0FDE4A1B8B98C8002877CE /* Model */,
			);
			name = Bank;
			sourceTree = "<group>";
		};
		4D2256FF1B8ADC8500727A4C /* Controller */ = {
			isa = PBXGroup;
			children = (
				4D962E9B1B8BFB780026E84D /* BankSecurityQuestionViewController.swift */,
				4D962E9C1B8BFB780026E84D /* BankSecurityQuestionViewController.xib */,
				4D6DC35D1B8BEBAC0017BF29 /* BankPinViewController.swift */,
				4D6DC35E1B8BEBAC0017BF29 /* BankPinViewController.xib */,
				4D0FDE4B1B8BB646002877CE /* BankSignInViewController.swift */,
				4D0FDE4C1B8BB646002877CE /* BankSignInViewController.xib */,
				4D2256EE1B8AC7C900727A4C /* ChooseBankViewController.swift */,
				4D2256EF1B8AC7C900727A4C /* ChooseBankViewController.xib */,
			);
			name = Controller;
			sourceTree = "<group>";
		};
		4D2257001B8ADC8F00727A4C /* View */ = {
			isa = PBXGroup;
			children = (
				4D2256F21B8ACBD500727A4C /* ChooseBankHeaderView.xib */,
			);
			name = View;
			sourceTree = "<group>";
		};
		4D55229B1B8714E500F9E5CA /* Server Request */ = {
			isa = PBXGroup;
			children = (
				4D5522991B870EB700F9E5CA /* ServerRequest.swift */,
			);
			name = "Server Request";
			sourceTree = "<group>";
		};
		4D5674931BE932F10019D95C /* View */ = {
			isa = PBXGroup;
			children = (
				4D6BC9971BE50B4E000C89C8 /* ChooseCategoryHeaderView.xib */,
				4D6BC9931BE4FF8D000C89C8 /* CategoriesCollectionViewCell.swift */,
				4D6BC9941BE4FF8D000C89C8 /* CategoriesCollectionViewCell.xib */,
			);
			name = View;
			sourceTree = "<group>";
		};
		4D5674941BE932F60019D95C /* Model */ = {
			isa = PBXGroup;
			children = (
				B8049CBC1C2F0B20005A559B /* Category.swift */,
			);
			name = Model;
			sourceTree = "<group>";
		};
		4D5674951BE932FD0019D95C /* Controller */ = {
			isa = PBXGroup;
			children = (
				4D6BC98E1BE4FED6000C89C8 /* CategoriesViewController.swift */,
				4D6BC98F1BE4FED6000C89C8 /* CategoriesViewController.xib */,
			);
			name = Controller;
			sourceTree = "<group>";
		};
		4D6BC9921BE4FF59000C89C8 /* Categories */ = {
			isa = PBXGroup;
			children = (
				4D5674951BE932FD0019D95C /* Controller */,
				4D5674941BE932F60019D95C /* Model */,
				4D5674931BE932F10019D95C /* View */,
			);
			name = Categories;
			sourceTree = "<group>";
		};
		4D89C1341C456D8100D6B1F0 /* Blog Posts */ = {
			isa = PBXGroup;
			children = (
				4D89C1351C456DA300D6B1F0 /* BlogPost.swift */,
			);
			name = "Blog Posts";
			sourceTree = "<group>";
		};
		4D9621F21BA9A151005EBCDD /* Card */ = {
			isa = PBXGroup;
			children = (
				4D2265821BA7937000A51908 /* CreditCardViewController.swift */,
				4D2265831BA7937000A51908 /* CreditCardViewController.xib */,
			);
			name = Card;
			sourceTree = "<group>";
		};
		4D96D1521BFE28F300CDE687 /* Model */ = {
			isa = PBXGroup;
			children = (
				4DE85F681BD18CC5002AE4C5 /* Cause.swift */,
			);
			name = Model;
			sourceTree = "<group>";
		};
		4D96D1531BFE290A00CDE687 /* Views */ = {
			isa = PBXGroup;
			children = (
				4DC0C98B1BF8D54A00E2A468 /* AmountDonatedHeaderView.swift */,
				4DC0C98D1BF8D57600E2A468 /* AmountDonatedHeaderView.xib */,
				4D9BB1161BFFD32200E5000A /* BlogPostTableViewHeader.swift */,
				4D9BB1141BFFD00300E5000A /* BlogPostTableViewHeader.xib */,
				4D96D1551BFE299000CDE687 /* FriendsCollectionViewHeader.swift */,
				4D96D1501BFE282500CDE687 /* FriendsCollectionViewHeader.xib */,
				4D14C87A1C4D816100D7089B /* UserCollectionViewCell.swift */,
				4D14C87B1C4D816100D7089B /* UserCollectionViewCell.xib */,
				4D02EC1A1BD08A0400701C75 /* CausesTableViewCell.swift */,
				4D02EC1B1BD08A0400701C75 /* CausesTableViewCell.xib */,
			);
			name = Views;
			sourceTree = "<group>";
		};
		4D96D1541BFE291900CDE687 /* Controller */ = {
			isa = PBXGroup;
			children = (
				4D9B853F1C46AFE500C4F720 /* CauseBlogPostViewController.swift */,
				4D9B85401C46AFE500C4F720 /* CauseBlogPostViewController.xib */,
				4D92199B1BF815D700A326A8 /* CausePageViewController.swift */,
				4D92199C1BF815D700A326A8 /* CausePageViewController.xib */,
				4D9BB1181BFFD40700E5000A /* CauseStoryViewController.swift */,
				4D9BB1191BFFD40700E5000A /* CauseStoryViewController.xib */,
				4DC0C9871BF8D37100E2A468 /* CauseUpdateViewController.swift */,
				4DC0C9881BF8D37100E2A468 /* CauseUpdateViewController.xib */,
				4D02EC151BD0887200701C75 /* ExploreViewController.swift */,
				4D02EC161BD0887200701C75 /* ExploreViewController.xib */,
			);
			name = Controller;
			sourceTree = "<group>";
		};
		4DD2FDEF1C25D9F100CF3F4C /* Search */ = {
			isa = PBXGroup;
			children = (
				4DD2FDF61C25E75B00CF3F4C /* InitialSearchView.xib */,
				4DD2FDF01C25DA0100CF3F4C /* SearchViewController.swift */,
				4DD2FDF11C25DA0100CF3F4C /* SearchViewController.xib */,
				4DD2FDFA1C25FEBE00CF3F4C /* SearchCauseTableViewCell.swift */,
				4DD2FDFB1C25FEBE00CF3F4C /* SearchCauseTableViewCell.xib */,
			);
			name = Search;
			sourceTree = "<group>";
		};
		4DE6692F1B86C8C4005CB0AF /* Extensions */ = {
			isa = PBXGroup;
			children = (
				4DE6692D1B86C5A9005CB0AF /* UIColor+ImpactColors.swift */,
				4D545D8B1BF7B99D00F009D5 /* DeviceDetect.swift */,
				4DE85F661BD188BC002AE4C5 /* UIViewController+CustomStatusBar.swift */,
				4D02EC261BD0ABF000701C75 /* String+Date.swift */,
				4D0FDE431B8B77C3002877CE /* UIImageView+AsynchronousLoading.swift */,
				4D0FDE481B8B8620002877CE /* UIView+Nib.swift */,
				4D5C80591BA8F2F0001DEDAF /* UITextField+Padding.swift */,
				4DF27D3F1C24A11E007D563A /* UIFont+CustomFonts.swift */,
			);
			name = Extensions;
			sourceTree = "<group>";
		};
		4DE94A821C59E90700850363 /* Profile */ = {
			isa = PBXGroup;
			children = (
				4DA63D551C5B1B070019219F /* SettingsTableViewCell.swift */,
				4DA63D561C5B1B070019219F /* SettingsTableViewCell.xib */,
				4DA63D531C5B163A0019219F /* SettingsTableViewDataSource.swift */,
				4DE94A8F1C59EDAC00850363 /* SettingsViewController.swift */,
				4DE94A901C59EDAC00850363 /* SettingsViewController.xib */,
				4DE94A831C59E92800850363 /* ProfileViewController.swift */,
				4DE94A841C59E92800850363 /* ProfileViewController.xib */,
			);
			name = Profile;
			sourceTree = "<group>";
		};
		5FDB813D32490678FE722628 /* Pods */ = {
			isa = PBXGroup;
			children = (
				1280A710DB7E095180D81B15 /* Pods-Impact.debug.xcconfig */,
				ED45840C4AA33A9113487D60 /* Pods-Impact.release.xcconfig */,
			);
			name = Pods;
			sourceTree = "<group>";
		};
		B8049CB41C2F08D3005A559B /* View */ = {
			isa = PBXGroup;
			children = (
				B85F3F5E1BDD656C0029F83E /* ContributionsCollectionViewCell.swift */,
				B85F3F5F1BDD656C0029F83E /* ContributionsCollectionViewCell.xib */,
			);
			name = View;
			sourceTree = "<group>";
		};
		B8049CB51C2F08E2005A559B /* Controller */ = {
			isa = PBXGroup;
			children = (
				4D91C48F1C28841D00A4C0A5 /* PreviousImpactsViewController.swift */,
				4D91C4901C28841D00A4C0A5 /* PreviousImpactsViewController.xib */,
				B85F3F621BDD6C130029F83E /* ContributionsViewController.swift */,
				B85F3F631BDD6C130029F83E /* ContributionsViewController.xib */,
			);
			name = Controller;
			sourceTree = "<group>";
		};
		B8049CB71C2F08F6005A559B /* Model */ = {
			isa = PBXGroup;
			children = (
				B8049CBA1C2F099F005A559B /* Contribution.swift */,
			);
			name = Model;
			sourceTree = "<group>";
		};
		B8049CBE1C2F3607005A559B /* Users */ = {
			isa = PBXGroup;
			children = (
				B8049CBF1C2F378D005A559B /* User.swift */,
			);
			name = Users;
			sourceTree = "<group>";
		};
		B8585C0A1B8642E800AB091A = {
			isa = PBXGroup;
			children = (
				B8585C151B8642E800AB091A /* Impact */,
				B8585C2E1B8642E900AB091A /* ImpactTests */,
				B8585C141B8642E800AB091A /* Products */,
				5FDB813D32490678FE722628 /* Pods */,
				0BA9FE90527541997B5C35A4 /* Frameworks */,
			);
			sourceTree = "<group>";
		};
		B8585C141B8642E800AB091A /* Products */ = {
			isa = PBXGroup;
			children = (
				B8585C131B8642E800AB091A /* Impact.app */,
				B8585C2B1B8642E900AB091A /* ImpactTests.xctest */,
			);
			name = Products;
			sourceTree = "<group>";
		};
		B8585C151B8642E800AB091A /* Impact */ = {
			isa = PBXGroup;
			children = (
				4D9621F31BA9A16F005EBCDD /* UserCredentials.swift */,
				B8585C181B8642E900AB091A /* AppDelegate.swift */,
				B8585C1D1B8642E900AB091A /* ViewController.swift */,
				4D2256E81B8A8E5E00727A4C /* TabBarController.swift */,
				4DE94A821C59E90700850363 /* Profile */,
				4D89C1341C456D8100D6B1F0 /* Blog Posts */,
				B8049CBE1C2F3607005A559B /* Users */,
				B85F3F661BDD6C180029F83E /* Contributions */,
				4DD2FDEF1C25D9F100CF3F4C /* Search */,
				4D6BC9921BE4FF59000C89C8 /* Categories */,
				4D02EC191BD0887900701C75 /* Causes */,
				4D9621F21BA9A151005EBCDD /* Card */,
				B8D459F81B8FE0A400877310 /* Intro Screens */,
				B8C77E151B8ABF2B00000927 /* Initial Screens */,
				4D2256FE1B8ADC5D00727A4C /* Bank */,
				4D0FDE451B8B82A1002877CE /* CustomViews */,
				4D2256B51B8A530800727A4C /* IBDesignables */,
				4D55229B1B8714E500F9E5CA /* Server Request */,
				4DE6692F1B86C8C4005CB0AF /* Extensions */,
				B8585C1F1B8642E900AB091A /* Main.storyboard */,
				B8585C221B8642E900AB091A /* Images.xcassets */,
				B8585C241B8642E900AB091A /* LaunchScreen.xib */,
				B8585C1A1B8642E900AB091A /* Impact.xcdatamodeld */,
				B8585C161B8642E800AB091A /* Supporting Files */,
			);
			path = Impact;
			sourceTree = "<group>";
		};
		B8585C161B8642E800AB091A /* Supporting Files */ = {
			isa = PBXGroup;
			children = (
				4D2265861BA7979300A51908 /* Bridging-Header.h */,
				B8585C171B8642E800AB091A /* Info.plist */,
			);
			name = "Supporting Files";
			sourceTree = "<group>";
		};
		B8585C2E1B8642E900AB091A /* ImpactTests */ = {
			isa = PBXGroup;
			children = (
				B8585C311B8642E900AB091A /* ImpactTests.swift */,
				B8585C2F1B8642E900AB091A /* Supporting Files */,
			);
			path = ImpactTests;
			sourceTree = "<group>";
		};
		B8585C2F1B8642E900AB091A /* Supporting Files */ = {
			isa = PBXGroup;
			children = (
				B8585C301B8642E900AB091A /* Info.plist */,
			);
			name = "Supporting Files";
			sourceTree = "<group>";
		};
		B85F3F661BDD6C180029F83E /* Contributions */ = {
			isa = PBXGroup;
			children = (
				B8049CB71C2F08F6005A559B /* Model */,
				B8049CB41C2F08D3005A559B /* View */,
				B8049CB51C2F08E2005A559B /* Controller */,
			);
			name = Contributions;
			sourceTree = "<group>";
		};
		B8C77E151B8ABF2B00000927 /* Initial Screens */ = {
			isa = PBXGroup;
			children = (
				4DB8CB151B8ED5CE00A6031D /* ForgetLoginViewController.swift */,
				4DB8CB161B8ED5CE00A6031D /* ForgetLoginViewController.xib */,
				B8C77E181B8AC2E700000927 /* SignInViewController.swift */,
				B8C77E191B8AC2E700000927 /* SignInViewController.xib */,
				B8C77E1C1B8AC2FF00000927 /* SignUpViewController.swift */,
				B8C77E1D1B8AC2FF00000927 /* SignUpViewController.xib */,
				B8C77E111B8ABEFA00000927 /* InitialScreenViewController.swift */,
				B8C77E121B8ABEFA00000927 /* InitialScreenViewController.xib */,
			);
			name = "Initial Screens";
			sourceTree = "<group>";
		};
		B8D459F81B8FE0A400877310 /* Intro Screens */ = {
			isa = PBXGroup;
			children = (
				B8B8AA6F1B8FFBD1006E689C /* ContentViewController.xib */,
				B8B8AA6E1B8FFBD1006E689C /* ContentViewController.swift */,
				B8A5CF4D1B8FF48600D71D2C /* FirstIntroViewController.swift */,
				B8A5CF4E1B8FF48600D71D2C /* FirstIntroViewController.xib */,
				B8A5CF511B8FF49A00D71D2C /* ThirdIntroViewController.swift */,
				B8A5CF521B8FF49A00D71D2C /* ThirdIntroViewController.xib */,
				B8A5CF551B8FF4A500D71D2C /* FinalIntroViewController.swift */,
				B8A5CF561B8FF4A500D71D2C /* FinalIntroViewController.xib */,
				B8B8AA6A1B8FF69D006E689C /* PageViewController.swift */,
				B8B8AA6B1B8FF69D006E689C /* PageViewController.xib */,
				B8D45A031B8FF3E000877310 /* SecondIntroViewController.swift */,
				B8D45A041B8FF3E000877310 /* SecondIntroViewController.xib */,
			);
			name = "Intro Screens";
			sourceTree = "<group>";
		};
/* End PBXGroup section */

/* Begin PBXNativeTarget section */
		B8585C121B8642E800AB091A /* Impact */ = {
			isa = PBXNativeTarget;
			buildConfigurationList = B8585C351B8642E900AB091A /* Build configuration list for PBXNativeTarget "Impact" */;
			buildPhases = (
				8515424871C2F7EC042F1658 /* Check Pods Manifest.lock */,
				B8585C0F1B8642E800AB091A /* Sources */,
				B8585C101B8642E800AB091A /* Frameworks */,
				B8585C111B8642E800AB091A /* Resources */,
				1AFB95FDC800635B955C38CA /* Embed Pods Frameworks */,
				0250803FEADB964BA302699F /* Copy Pods Resources */,
			);
			buildRules = (
			);
			dependencies = (
			);
			name = Impact;
			productName = Impact;
			productReference = B8585C131B8642E800AB091A /* Impact.app */;
			productType = "com.apple.product-type.application";
		};
		B8585C2A1B8642E900AB091A /* ImpactTests */ = {
			isa = PBXNativeTarget;
			buildConfigurationList = B8585C381B8642E900AB091A /* Build configuration list for PBXNativeTarget "ImpactTests" */;
			buildPhases = (
				B8585C271B8642E900AB091A /* Sources */,
				B8585C281B8642E900AB091A /* Frameworks */,
				B8585C291B8642E900AB091A /* Resources */,
			);
			buildRules = (
			);
			dependencies = (
				B8585C2D1B8642E900AB091A /* PBXTargetDependency */,
			);
			name = ImpactTests;
			productName = ImpactTests;
			productReference = B8585C2B1B8642E900AB091A /* ImpactTests.xctest */;
			productType = "com.apple.product-type.bundle.unit-test";
		};
/* End PBXNativeTarget section */

/* Begin PBXProject section */
		B8585C0B1B8642E800AB091A /* Project object */ = {
			isa = PBXProject;
			attributes = {
				LastSwiftMigration = 0700;
				LastSwiftUpdateCheck = 0700;
				LastUpgradeCheck = 0700;
				ORGANIZATIONNAME = Impact;
				TargetAttributes = {
					B8585C121B8642E800AB091A = {
						CreatedOnToolsVersion = 6.3.2;
						DevelopmentTeam = F6J9Z7FPQB;
					};
					B8585C2A1B8642E900AB091A = {
						CreatedOnToolsVersion = 6.3.2;
						TestTargetID = B8585C121B8642E800AB091A;
					};
				};
			};
			buildConfigurationList = B8585C0E1B8642E800AB091A /* Build configuration list for PBXProject "Impact" */;
			compatibilityVersion = "Xcode 3.2";
			developmentRegion = English;
			hasScannedForEncodings = 0;
			knownRegions = (
				en,
				Base,
			);
			mainGroup = B8585C0A1B8642E800AB091A;
			productRefGroup = B8585C141B8642E800AB091A /* Products */;
			projectDirPath = "";
			projectRoot = "";
			targets = (
				B8585C121B8642E800AB091A /* Impact */,
				B8585C2A1B8642E900AB091A /* ImpactTests */,
			);
		};
/* End PBXProject section */

/* Begin PBXResourcesBuildPhase section */
		B8585C111B8642E800AB091A /* Resources */ = {
			isa = PBXResourcesBuildPhase;
			buildActionMask = 2147483647;
			files = (
				4DE94A861C59E92800850363 /* ProfileViewController.xib in Resources */,
				4DD2FDFD1C25FEBE00CF3F4C /* SearchCauseTableViewCell.xib in Resources */,
				B8C77E1B1B8AC2E700000927 /* SignInViewController.xib in Resources */,
				4D9B85421C46AFE500C4F720 /* CauseBlogPostViewController.xib in Resources */,
				B82E47831BB747E600D3C90B /* Main.storyboard in Resources */,
				4D6BC9981BE50B4E000C89C8 /* ChooseCategoryHeaderView.xib in Resources */,
				4DA63D581C5B1B070019219F /* SettingsTableViewCell.xib in Resources */,
				4D6BC9911BE4FED6000C89C8 /* CategoriesViewController.xib in Resources */,
				B8B8AA711B8FFBD1006E689C /* ContentViewController.xib in Resources */,
				4DC0C98A1BF8D37100E2A468 /* CauseUpdateViewController.xib in Resources */,
				4D2265851BA7937000A51908 /* CreditCardViewController.xib in Resources */,
				B8C77E141B8ABEFA00000927 /* InitialScreenViewController.xib in Resources */,
				B82E47821BB747E600D3C90B /* LaunchScreen.xib in Resources */,
				B85F3F611BDD656C0029F83E /* ContributionsCollectionViewCell.xib in Resources */,
				B8A5CF501B8FF48600D71D2C /* FirstIntroViewController.xib in Resources */,
				B8C77E1F1B8AC2FF00000927 /* SignUpViewController.xib in Resources */,
				4D9BB1151BFFD00300E5000A /* BlogPostTableViewHeader.xib in Resources */,
				4D96D1511BFE282500CDE687 /* FriendsCollectionViewHeader.xib in Resources */,
				4D2256FB1B8AD62300727A4C /* RoundedCollectionViewCell.xib in Resources */,
				4D2256F31B8ACBD500727A4C /* ChooseBankHeaderView.xib in Resources */,
				4D2B0FE91BBF5ADD00482FF4 /* AlertPopupView.xib in Resources */,
				4D962E9E1B8BFB780026E84D /* BankSecurityQuestionViewController.xib in Resources */,
				4D02EC1D1BD08A0400701C75 /* CausesTableViewCell.xib in Resources */,
				4D02EC181BD0887200701C75 /* ExploreViewController.xib in Resources */,
				4DD2FDF71C25E75B00CF3F4C /* InitialSearchView.xib in Resources */,
				4D2256F11B8AC7C900727A4C /* ChooseBankViewController.xib in Resources */,
				B8A5CF541B8FF49A00D71D2C /* ThirdIntroViewController.xib in Resources */,
				4DE94A921C59EDAC00850363 /* SettingsViewController.xib in Resources */,
				4DB8CB181B8ED5CE00A6031D /* ForgetLoginViewController.xib in Resources */,
				4D92199E1BF815D700A326A8 /* CausePageViewController.xib in Resources */,
				4D14C87D1C4D816100D7089B /* UserCollectionViewCell.xib in Resources */,
				4DC0C98E1BF8D57600E2A468 /* AmountDonatedHeaderView.xib in Resources */,
				B8A5CF581B8FF4A500D71D2C /* FinalIntroViewController.xib in Resources */,
				4D91C4961C28861800A4C0A5 /* AccessoryTableViewCell.xib in Resources */,
				4D6DC3601B8BEBAC0017BF29 /* BankPinViewController.xib in Resources */,
				B8B8AA6D1B8FF69D006E689C /* PageViewController.xib in Resources */,
				4D6BC9961BE4FF8D000C89C8 /* CategoriesCollectionViewCell.xib in Resources */,
				4D0FDE4E1B8BB646002877CE /* BankSignInViewController.xib in Resources */,
				B85F3F651BDD6C130029F83E /* ContributionsViewController.xib in Resources */,
				4DD2FDF31C25DA0100CF3F4C /* SearchViewController.xib in Resources */,
				B8585C231B8642E900AB091A /* Images.xcassets in Resources */,
				4D91C4921C28841D00A4C0A5 /* PreviousImpactsViewController.xib in Resources */,
				4D9BB11B1BFFD40700E5000A /* CauseStoryViewController.xib in Resources */,
				B8D45A061B8FF3E000877310 /* SecondIntroViewController.xib in Resources */,
			);
			runOnlyForDeploymentPostprocessing = 0;
		};
		B8585C291B8642E900AB091A /* Resources */ = {
			isa = PBXResourcesBuildPhase;
			buildActionMask = 2147483647;
			files = (
			);
			runOnlyForDeploymentPostprocessing = 0;
		};
/* End PBXResourcesBuildPhase section */

/* Begin PBXShellScriptBuildPhase section */
		0250803FEADB964BA302699F /* Copy Pods Resources */ = {
			isa = PBXShellScriptBuildPhase;
			buildActionMask = 2147483647;
			files = (
			);
			inputPaths = (
			);
			name = "Copy Pods Resources";
			outputPaths = (
			);
			runOnlyForDeploymentPostprocessing = 0;
			shellPath = /bin/sh;
			shellScript = "\"${SRCROOT}/Pods/Target Support Files/Pods-Impact/Pods-Impact-resources.sh\"\n";
			showEnvVarsInLog = 0;
		};
		1AFB95FDC800635B955C38CA /* Embed Pods Frameworks */ = {
			isa = PBXShellScriptBuildPhase;
			buildActionMask = 2147483647;
			files = (
			);
			inputPaths = (
			);
			name = "Embed Pods Frameworks";
			outputPaths = (
			);
			runOnlyForDeploymentPostprocessing = 0;
			shellPath = /bin/sh;
			shellScript = "\"${SRCROOT}/Pods/Target Support Files/Pods-Impact/Pods-Impact-frameworks.sh\"\n";
			showEnvVarsInLog = 0;
		};
		8515424871C2F7EC042F1658 /* Check Pods Manifest.lock */ = {
			isa = PBXShellScriptBuildPhase;
			buildActionMask = 2147483647;
			files = (
			);
			inputPaths = (
			);
			name = "Check Pods Manifest.lock";
			outputPaths = (
			);
			runOnlyForDeploymentPostprocessing = 0;
			shellPath = /bin/sh;
			shellScript = "diff \"${PODS_ROOT}/../Podfile.lock\" \"${PODS_ROOT}/Manifest.lock\" > /dev/null\nif [[ $? != 0 ]] ; then\n    cat << EOM\nerror: The sandbox is not in sync with the Podfile.lock. Run 'pod install' or update your CocoaPods installation.\nEOM\n    exit 1\nfi\n";
			showEnvVarsInLog = 0;
		};
/* End PBXShellScriptBuildPhase section */

/* Begin PBXSourcesBuildPhase section */
		B8585C0F1B8642E800AB091A /* Sources */ = {
			isa = PBXSourcesBuildPhase;
			buildActionMask = 2147483647;
			files = (
				4D89C1361C456DA300D6B1F0 /* BlogPost.swift in Sources */,
				B8585C1E1B8642E900AB091A /* ViewController.swift in Sources */,
				4DE6692E1B86C5A9005CB0AF /* UIColor+ImpactColors.swift in Sources */,
				B8049CBD1C2F0B20005A559B /* Category.swift in Sources */,
				4D55229A1B870EB700F9E5CA /* ServerRequest.swift in Sources */,
				4DD2FDF21C25DA0100CF3F4C /* SearchViewController.swift in Sources */,
				4D2256ED1B8AC40E00727A4C /* RoundedButton.swift in Sources */,
				4DE94A911C59EDAC00850363 /* SettingsViewController.swift in Sources */,
				4DE85F671BD188BC002AE4C5 /* UIViewController+CustomStatusBar.swift in Sources */,
				4D7659161B8A3A55000862F7 /* BottomBorderedTextField.swift in Sources */,
				B8049CC01C2F378D005A559B /* User.swift in Sources */,
				4D91C4911C28841D00A4C0A5 /* PreviousImpactsViewController.swift in Sources */,
				4D02EC1C1BD08A0400701C75 /* CausesTableViewCell.swift in Sources */,
				4D2265841BA7937000A51908 /* CreditCardViewController.swift in Sources */,
				4D8210281BD291F30032DA07 /* CircleGraph.swift in Sources */,
				B8C77E1E1B8AC2FF00000927 /* SignUpViewController.swift in Sources */,
				B8C77E1A1B8AC2E700000927 /* SignInViewController.swift in Sources */,
				B8A5CF531B8FF49A00D71D2C /* ThirdIntroViewController.swift in Sources */,
				4D0FDE441B8B77C3002877CE /* UIImageView+AsynchronousLoading.swift in Sources */,
				4D9BB1171BFFD32200E5000A /* BlogPostTableViewHeader.swift in Sources */,
				4D9BB11A1BFFD40700E5000A /* CauseStoryViewController.swift in Sources */,
				4DF27D401C24A11E007D563A /* UIFont+CustomFonts.swift in Sources */,
				4D2B0FE41BBF4B8100482FF4 /* AlertViewController.swift in Sources */,
				4DD2FDFC1C25FEBE00CF3F4C /* SearchCauseTableViewCell.swift in Sources */,
				4DC0C9891BF8D37100E2A468 /* CauseUpdateViewController.swift in Sources */,
				4D05AA7B1C5880D9002B8C9A /* ActivityIndicator.swift in Sources */,
				4D92199D1BF815D700A326A8 /* CausePageViewController.swift in Sources */,
				4D9219A01BF8190E00A326A8 /* CustomSegmentControl.swift in Sources */,
				4D0FDE491B8B8620002877CE /* UIView+Nib.swift in Sources */,
				4D6DC3641B8BED330017BF29 /* DoneButton.swift in Sources */,
				4D2256E91B8A8E5E00727A4C /* TabBarController.swift in Sources */,
				4D02EC271BD0ABF000701C75 /* String+Date.swift in Sources */,
				4D2256F01B8AC7C900727A4C /* ChooseBankViewController.swift in Sources */,
				4D5C805A1BA8F2F0001DEDAF /* UITextField+Padding.swift in Sources */,
				B8B8AA701B8FFBD1006E689C /* ContentViewController.swift in Sources */,
				4DC0C98C1BF8D54A00E2A468 /* AmountDonatedHeaderView.swift in Sources */,
				B8585C191B8642E900AB091A /* AppDelegate.swift in Sources */,
				4D96D1561BFE299000CDE687 /* FriendsCollectionViewHeader.swift in Sources */,
				4D2257021B8ADD1000727A4C /* Bank.swift in Sources */,
				4DB8CB171B8ED5CE00A6031D /* ForgetLoginViewController.swift in Sources */,
				4D02EC171BD0887200701C75 /* ExploreViewController.swift in Sources */,
				4D962E9D1B8BFB780026E84D /* BankSecurityQuestionViewController.swift in Sources */,
				4D14C87C1C4D816100D7089B /* UserCollectionViewCell.swift in Sources */,
				4D02EC231BD0918500701C75 /* HeaderView.swift in Sources */,
				B8585C1C1B8642E900AB091A /* Impact.xcdatamodeld in Sources */,
				B8D45A051B8FF3E000877310 /* SecondIntroViewController.swift in Sources */,
				B8C77E131B8ABEFA00000927 /* InitialScreenViewController.swift in Sources */,
				B8A5CF4F1B8FF48600D71D2C /* FirstIntroViewController.swift in Sources */,
				4D0FDE4D1B8BB646002877CE /* BankSignInViewController.swift in Sources */,
				B85F3F601BDD656C0029F83E /* ContributionsCollectionViewCell.swift in Sources */,
				4DA63D571C5B1B070019219F /* SettingsTableViewCell.swift in Sources */,
				4D6DC35F1B8BEBAC0017BF29 /* BankPinViewController.swift in Sources */,
				B8049CBB1C2F099F005A559B /* Contribution.swift in Sources */,
				4D545D8C1BF7B99D00F009D5 /* DeviceDetect.swift in Sources */,
				4DE85F691BD18CC5002AE4C5 /* Cause.swift in Sources */,
				4D6BC9951BE4FF8D000C89C8 /* CategoriesCollectionViewCell.swift in Sources */,
				B8B8AA6C1B8FF69D006E689C /* PageViewController.swift in Sources */,
				B8A5CF571B8FF4A500D71D2C /* FinalIntroViewController.swift in Sources */,
				4D9B85411C46AFE500C4F720 /* CauseBlogPostViewController.swift in Sources */,
				B85F3F641BDD6C130029F83E /* ContributionsViewController.swift in Sources */,
				4D2256FA1B8AD62300727A4C /* RoundedCollectionViewCell.swift in Sources */,
				4D9621F41BA9A16F005EBCDD /* UserCredentials.swift in Sources */,
				4DE94A851C59E92800850363 /* ProfileViewController.swift in Sources */,
				4D91C4951C28861800A4C0A5 /* AccessoryTableViewCell.swift in Sources */,
				4DA63D541C5B163A0019219F /* SettingsTableViewDataSource.swift in Sources */,
				4D6BC9901BE4FED6000C89C8 /* CategoriesViewController.swift in Sources */,
			);
			runOnlyForDeploymentPostprocessing = 0;
		};
		B8585C271B8642E900AB091A /* Sources */ = {
			isa = PBXSourcesBuildPhase;
			buildActionMask = 2147483647;
			files = (
				B8585C321B8642E900AB091A /* ImpactTests.swift in Sources */,
			);
			runOnlyForDeploymentPostprocessing = 0;
		};
/* End PBXSourcesBuildPhase section */

/* Begin PBXTargetDependency section */
		B8585C2D1B8642E900AB091A /* PBXTargetDependency */ = {
			isa = PBXTargetDependency;
			target = B8585C121B8642E800AB091A /* Impact */;
			targetProxy = B8585C2C1B8642E900AB091A /* PBXContainerItemProxy */;
		};
/* End PBXTargetDependency section */

/* Begin PBXVariantGroup section */
		B8585C1F1B8642E900AB091A /* Main.storyboard */ = {
			isa = PBXVariantGroup;
			children = (
				B8585C201B8642E900AB091A /* Base */,
			);
			name = Main.storyboard;
			sourceTree = "<group>";
		};
		B8585C241B8642E900AB091A /* LaunchScreen.xib */ = {
			isa = PBXVariantGroup;
			children = (
				B8585C251B8642E900AB091A /* Base */,
			);
			name = LaunchScreen.xib;
			sourceTree = "<group>";
		};
/* End PBXVariantGroup section */

/* Begin XCBuildConfiguration section */
		B8585C331B8642E900AB091A /* Debug */ = {
			isa = XCBuildConfiguration;
			buildSettings = {
				ALWAYS_SEARCH_USER_PATHS = NO;
				CLANG_ALLOW_NON_MODULAR_INCLUDES_IN_FRAMEWORK_MODULES = YES;
				CLANG_CXX_LANGUAGE_STANDARD = "gnu++0x";
				CLANG_CXX_LIBRARY = "libc++";
				CLANG_ENABLE_MODULES = YES;
				CLANG_ENABLE_OBJC_ARC = YES;
				CLANG_WARN_BOOL_CONVERSION = YES;
				CLANG_WARN_CONSTANT_CONVERSION = YES;
				CLANG_WARN_DIRECT_OBJC_ISA_USAGE = YES_ERROR;
				CLANG_WARN_EMPTY_BODY = YES;
				CLANG_WARN_ENUM_CONVERSION = YES;
				CLANG_WARN_INT_CONVERSION = YES;
				CLANG_WARN_OBJC_ROOT_CLASS = YES_ERROR;
				CLANG_WARN_UNREACHABLE_CODE = YES;
				CLANG_WARN__DUPLICATE_METHOD_MATCH = YES;
				"CODE_SIGN_IDENTITY[sdk=iphoneos*]" = "iPhone Developer";
				COPY_PHASE_STRIP = NO;
				DEBUG_INFORMATION_FORMAT = "dwarf-with-dsym";
				ENABLE_BITCODE = NO;
				ENABLE_STRICT_OBJC_MSGSEND = YES;
				ENABLE_TESTABILITY = YES;
				GCC_C_LANGUAGE_STANDARD = gnu99;
				GCC_DYNAMIC_NO_PIC = NO;
				GCC_NO_COMMON_BLOCKS = YES;
				GCC_OPTIMIZATION_LEVEL = 0;
				GCC_PREPROCESSOR_DEFINITIONS = (
					"DEBUG=1",
					"$(inherited)",
				);
				GCC_SYMBOLS_PRIVATE_EXTERN = NO;
				GCC_WARN_64_TO_32_BIT_CONVERSION = YES;
				GCC_WARN_ABOUT_RETURN_TYPE = YES_ERROR;
				GCC_WARN_UNDECLARED_SELECTOR = YES;
				GCC_WARN_UNINITIALIZED_AUTOS = YES_AGGRESSIVE;
				GCC_WARN_UNUSED_FUNCTION = YES;
				GCC_WARN_UNUSED_VARIABLE = YES;
				IPHONEOS_DEPLOYMENT_TARGET = 8.3;
				MTL_ENABLE_DEBUG_INFO = YES;
				ONLY_ACTIVE_ARCH = YES;
				SDKROOT = iphoneos;
				SWIFT_OPTIMIZATION_LEVEL = "-Onone";
				TARGETED_DEVICE_FAMILY = "1,2";
			};
			name = Debug;
		};
		B8585C341B8642E900AB091A /* Release */ = {
			isa = XCBuildConfiguration;
			buildSettings = {
				ALWAYS_SEARCH_USER_PATHS = NO;
				CLANG_ALLOW_NON_MODULAR_INCLUDES_IN_FRAMEWORK_MODULES = YES;
				CLANG_CXX_LANGUAGE_STANDARD = "gnu++0x";
				CLANG_CXX_LIBRARY = "libc++";
				CLANG_ENABLE_MODULES = YES;
				CLANG_ENABLE_OBJC_ARC = YES;
				CLANG_WARN_BOOL_CONVERSION = YES;
				CLANG_WARN_CONSTANT_CONVERSION = YES;
				CLANG_WARN_DIRECT_OBJC_ISA_USAGE = YES_ERROR;
				CLANG_WARN_EMPTY_BODY = YES;
				CLANG_WARN_ENUM_CONVERSION = YES;
				CLANG_WARN_INT_CONVERSION = YES;
				CLANG_WARN_OBJC_ROOT_CLASS = YES_ERROR;
				CLANG_WARN_UNREACHABLE_CODE = YES;
				CLANG_WARN__DUPLICATE_METHOD_MATCH = YES;
				"CODE_SIGN_IDENTITY[sdk=iphoneos*]" = "iPhone Developer";
				COPY_PHASE_STRIP = NO;
				DEBUG_INFORMATION_FORMAT = "dwarf-with-dsym";
				ENABLE_BITCODE = NO;
				ENABLE_NS_ASSERTIONS = NO;
				ENABLE_STRICT_OBJC_MSGSEND = YES;
				GCC_C_LANGUAGE_STANDARD = gnu99;
				GCC_NO_COMMON_BLOCKS = YES;
				GCC_WARN_64_TO_32_BIT_CONVERSION = YES;
				GCC_WARN_ABOUT_RETURN_TYPE = YES_ERROR;
				GCC_WARN_UNDECLARED_SELECTOR = YES;
				GCC_WARN_UNINITIALIZED_AUTOS = YES_AGGRESSIVE;
				GCC_WARN_UNUSED_FUNCTION = YES;
				GCC_WARN_UNUSED_VARIABLE = YES;
				IPHONEOS_DEPLOYMENT_TARGET = 8.3;
				MTL_ENABLE_DEBUG_INFO = NO;
				SDKROOT = iphoneos;
				SWIFT_OBJC_BRIDGING_HEADER = "";
				TARGETED_DEVICE_FAMILY = "1,2";
				VALIDATE_PRODUCT = YES;
			};
			name = Release;
		};
		B8585C361B8642E900AB091A /* Debug */ = {
			isa = XCBuildConfiguration;
			baseConfigurationReference = 1280A710DB7E095180D81B15 /* Pods-Impact.debug.xcconfig */;
			buildSettings = {
				ASSETCATALOG_COMPILER_APPICON_NAME = AppIcon;
				CLANG_ALLOW_NON_MODULAR_INCLUDES_IN_FRAMEWORK_MODULES = YES;
				CODE_SIGN_IDENTITY = "iPhone Developer";
				"CODE_SIGN_IDENTITY[sdk=iphoneos*]" = "iPhone Developer";
				INFOPLIST_FILE = Impact/Info.plist;
				LD_RUNPATH_SEARCH_PATHS = "$(inherited) @executable_path/Frameworks";
				PRODUCT_BUNDLE_IDENTIFIER = com.ImpactApp.Impact;
				PRODUCT_NAME = "$(TARGET_NAME)";
				PROVISIONING_PROFILE = "";
				SWIFT_OBJC_BRIDGING_HEADER = "Impact/Bridging-Header.h";
			};
			name = Debug;
		};
		B8585C371B8642E900AB091A /* Release */ = {
			isa = XCBuildConfiguration;
			baseConfigurationReference = ED45840C4AA33A9113487D60 /* Pods-Impact.release.xcconfig */;
			buildSettings = {
				ASSETCATALOG_COMPILER_APPICON_NAME = AppIcon;
				CLANG_ALLOW_NON_MODULAR_INCLUDES_IN_FRAMEWORK_MODULES = YES;
				CODE_SIGN_IDENTITY = "iPhone Developer";
				"CODE_SIGN_IDENTITY[sdk=iphoneos*]" = "iPhone Developer";
				INFOPLIST_FILE = Impact/Info.plist;
				LD_RUNPATH_SEARCH_PATHS = "$(inherited) @executable_path/Frameworks";
				PRODUCT_BUNDLE_IDENTIFIER = com.ImpactApp.Impact;
				PRODUCT_NAME = "$(TARGET_NAME)";
				PROVISIONING_PROFILE = "";
				SWIFT_OBJC_BRIDGING_HEADER = "Impact/Bridging-Header.h";
			};
			name = Release;
		};
		B8585C391B8642E900AB091A /* Debug */ = {
			isa = XCBuildConfiguration;
			buildSettings = {
				BUNDLE_LOADER = "$(TEST_HOST)";
				FRAMEWORK_SEARCH_PATHS = (
					"$(SDKROOT)/Developer/Library/Frameworks",
					"$(inherited)",
				);
				GCC_PREPROCESSOR_DEFINITIONS = (
					"DEBUG=1",
					"$(inherited)",
				);
				INFOPLIST_FILE = ImpactTests/Info.plist;
				LD_RUNPATH_SEARCH_PATHS = "$(inherited) @executable_path/Frameworks @loader_path/Frameworks";
				PRODUCT_BUNDLE_IDENTIFIER = "com.Impact.$(PRODUCT_NAME:rfc1034identifier)";
				PRODUCT_NAME = "$(TARGET_NAME)";
				TEST_HOST = "$(BUILT_PRODUCTS_DIR)/Impact.app/Impact";
			};
			name = Debug;
		};
		B8585C3A1B8642E900AB091A /* Release */ = {
			isa = XCBuildConfiguration;
			buildSettings = {
				BUNDLE_LOADER = "$(TEST_HOST)";
				FRAMEWORK_SEARCH_PATHS = (
					"$(SDKROOT)/Developer/Library/Frameworks",
					"$(inherited)",
				);
				INFOPLIST_FILE = ImpactTests/Info.plist;
				LD_RUNPATH_SEARCH_PATHS = "$(inherited) @executable_path/Frameworks @loader_path/Frameworks";
				PRODUCT_BUNDLE_IDENTIFIER = "com.Impact.$(PRODUCT_NAME:rfc1034identifier)";
				PRODUCT_NAME = "$(TARGET_NAME)";
				TEST_HOST = "$(BUILT_PRODUCTS_DIR)/Impact.app/Impact";
			};
			name = Release;
		};
/* End XCBuildConfiguration section */

/* Begin XCConfigurationList section */
		B8585C0E1B8642E800AB091A /* Build configuration list for PBXProject "Impact" */ = {
			isa = XCConfigurationList;
			buildConfigurations = (
				B8585C331B8642E900AB091A /* Debug */,
				B8585C341B8642E900AB091A /* Release */,
			);
			defaultConfigurationIsVisible = 0;
			defaultConfigurationName = Release;
		};
		B8585C351B8642E900AB091A /* Build configuration list for PBXNativeTarget "Impact" */ = {
			isa = XCConfigurationList;
			buildConfigurations = (
				B8585C361B8642E900AB091A /* Debug */,
				B8585C371B8642E900AB091A /* Release */,
			);
			defaultConfigurationIsVisible = 0;
			defaultConfigurationName = Release;
		};
		B8585C381B8642E900AB091A /* Build configuration list for PBXNativeTarget "ImpactTests" */ = {
			isa = XCConfigurationList;
			buildConfigurations = (
				B8585C391B8642E900AB091A /* Debug */,
				B8585C3A1B8642E900AB091A /* Release */,
			);
			defaultConfigurationIsVisible = 0;
			defaultConfigurationName = Release;
		};
/* End XCConfigurationList section */

/* Begin XCVersionGroup section */
		B8585C1A1B8642E900AB091A /* Impact.xcdatamodeld */ = {
			isa = XCVersionGroup;
			children = (
				B8585C1B1B8642E900AB091A /* Impact.xcdatamodel */,
			);
			currentVersion = B8585C1B1B8642E900AB091A /* Impact.xcdatamodel */;
			path = Impact.xcdatamodeld;
			sourceTree = "<group>";
			versionGroupType = wrapper.xcdatamodel;
		};
/* End XCVersionGroup section */
	};
	rootObject = B8585C0B1B8642E800AB091A /* Project object */;
}
